// !$*UTF8*$!
{
	archiveVersion = 1;
	classes = {
	};
	objectVersion = 46;
	objects = {

/* Begin PBXBuildFile section */
		1AC6FB21180E996B004C840B /* libcocos2d Mac.a in Frameworks */ = {isa = PBXBuildFile; fileRef = 1AC6FAF9180E9839004C840B /* libcocos2d Mac.a */; };
		1AC6FB30180E99EB004C840B /* libcocos2d iOS.a in Frameworks */ = {isa = PBXBuildFile; fileRef = 1AC6FB07180E9839004C840B /* libcocos2d iOS.a */; };
		1D60589F0D05DD5A006BFB54 /* Foundation.framework in Frameworks */ = {isa = PBXBuildFile; fileRef = 1D30AB110D05D00D00671497 /* Foundation.framework */; };
		1DF5F4E00D08C38300B7A737 /* UIKit.framework in Frameworks */ = {isa = PBXBuildFile; fileRef = 1DF5F4DF0D08C38300B7A737 /* UIKit.framework */; };
		288765A50DF7441C002DB57D /* CoreGraphics.framework in Frameworks */ = {isa = PBXBuildFile; fileRef = 288765A40DF7441C002DB57D /* CoreGraphics.framework */; };
		294D0D641D0D56D500F7F5D4 /* CoreText.framework in Frameworks */ = {isa = PBXBuildFile; fileRef = 294D0D631D0D56D500F7F5D4 /* CoreText.framework */; };
		2F06081520A305660023562B /* Globals.cpp in Sources */ = {isa = PBXBuildFile; fileRef = 2F06081220A305660023562B /* Globals.cpp */; };
		2F06081620A305660023562B /* Globals.cpp in Sources */ = {isa = PBXBuildFile; fileRef = 2F06081220A305660023562B /* Globals.cpp */; };
		2F06081A20A56EAF0023562B /* Resources_HD in Resources */ = {isa = PBXBuildFile; fileRef = 2F06081720A56EAF0023562B /* Resources_HD */; };
		2F06081B20A56EAF0023562B /* Resources_HD in Resources */ = {isa = PBXBuildFile; fileRef = 2F06081720A56EAF0023562B /* Resources_HD */; };
		2F06081C20A56EAF0023562B /* Resources_LD in Resources */ = {isa = PBXBuildFile; fileRef = 2F06081820A56EAF0023562B /* Resources_LD */; };
		2F06081D20A56EAF0023562B /* Resources_LD in Resources */ = {isa = PBXBuildFile; fileRef = 2F06081820A56EAF0023562B /* Resources_LD */; };
		2F06081E20A56EAF0023562B /* Resources_SD in Resources */ = {isa = PBXBuildFile; fileRef = 2F06081920A56EAF0023562B /* Resources_SD */; };
		2F06081F20A56EAF0023562B /* Resources_SD in Resources */ = {isa = PBXBuildFile; fileRef = 2F06081920A56EAF0023562B /* Resources_SD */; };
		2F06082120A58CCC0023562B /* Default-812h@3x.png in Resources */ = {isa = PBXBuildFile; fileRef = 2F06082020A58CCC0023562B /* Default-812h@3x.png */; };
		2F06082220A58CCC0023562B /* Default-812h@3x.png in Resources */ = {isa = PBXBuildFile; fileRef = 2F06082020A58CCC0023562B /* Default-812h@3x.png */; };
		2F98C7BA2091CAE6002C1D70 /* CocosObjectFactory.cpp in Sources */ = {isa = PBXBuildFile; fileRef = 2F98C7B92091CAE6002C1D70 /* CocosObjectFactory.cpp */; };
		2F98C7BB2091CAE6002C1D70 /* CocosObjectFactory.cpp in Sources */ = {isa = PBXBuildFile; fileRef = 2F98C7B92091CAE6002C1D70 /* CocosObjectFactory.cpp */; };
		2FCC5804208DC48F00CB547A /* CustomLayer.cpp in Sources */ = {isa = PBXBuildFile; fileRef = 2FCC5803208DC48F00CB547A /* CustomLayer.cpp */; };
		2FCC5805208DC48F00CB547A /* CustomLayer.cpp in Sources */ = {isa = PBXBuildFile; fileRef = 2FCC5803208DC48F00CB547A /* CustomLayer.cpp */; };
		2FEEA0F6207E1D80003981DE /* RichtextStringVisitor.cpp in Sources */ = {isa = PBXBuildFile; fileRef = 2FEEA089207E1D80003981DE /* RichtextStringVisitor.cpp */; };
		2FEEA0F7207E1D80003981DE /* RichtextStringVisitor.cpp in Sources */ = {isa = PBXBuildFile; fileRef = 2FEEA089207E1D80003981DE /* RichtextStringVisitor.cpp */; };
		2FEEA0F8207E1D80003981DE /* PageView.cpp in Sources */ = {isa = PBXBuildFile; fileRef = 2FEEA08A207E1D80003981DE /* PageView.cpp */; };
		2FEEA0F9207E1D80003981DE /* PageView.cpp in Sources */ = {isa = PBXBuildFile; fileRef = 2FEEA08A207E1D80003981DE /* PageView.cpp */; };
		2FEEA0FA207E1D80003981DE /* CreatorReader.cpp in Sources */ = {isa = PBXBuildFile; fileRef = 2FEEA08D207E1D80003981DE /* CreatorReader.cpp */; };
		2FEEA0FB207E1D80003981DE /* CreatorReader.cpp in Sources */ = {isa = PBXBuildFile; fileRef = 2FEEA08D207E1D80003981DE /* CreatorReader.cpp */; };
		2FEEA0FC207E1D80003981DE /* TextureData.cpp in Sources */ = {isa = PBXBuildFile; fileRef = 2FEEA091207E1D80003981DE /* TextureData.cpp */; };
		2FEEA0FD207E1D80003981DE /* TextureData.cpp in Sources */ = {isa = PBXBuildFile; fileRef = 2FEEA091207E1D80003981DE /* TextureData.cpp */; };
		2FEEA0FE207E1D80003981DE /* JSONDataParser.cpp in Sources */ = {isa = PBXBuildFile; fileRef = 2FEEA096207E1D80003981DE /* JSONDataParser.cpp */; };
		2FEEA0FF207E1D80003981DE /* JSONDataParser.cpp in Sources */ = {isa = PBXBuildFile; fileRef = 2FEEA096207E1D80003981DE /* JSONDataParser.cpp */; };
		2FEEA100207E1D80003981DE /* DataParser.cpp in Sources */ = {isa = PBXBuildFile; fileRef = 2FEEA097207E1D80003981DE /* DataParser.cpp */; };
		2FEEA101207E1D80003981DE /* DataParser.cpp in Sources */ = {isa = PBXBuildFile; fileRef = 2FEEA097207E1D80003981DE /* DataParser.cpp */; };
		2FEEA102207E1D80003981DE /* Android.mk in Resources */ = {isa = PBXBuildFile; fileRef = 2FEEA098207E1D80003981DE /* Android.mk */; };
		2FEEA103207E1D80003981DE /* Android.mk in Resources */ = {isa = PBXBuildFile; fileRef = 2FEEA098207E1D80003981DE /* Android.mk */; };
		2FEEA104207E1D80003981DE /* CMakeLists.txt in Resources */ = {isa = PBXBuildFile; fileRef = 2FEEA099207E1D80003981DE /* CMakeLists.txt */; };
		2FEEA105207E1D80003981DE /* CMakeLists.txt in Resources */ = {isa = PBXBuildFile; fileRef = 2FEEA099207E1D80003981DE /* CMakeLists.txt */; };
		2FEEA106207E1D80003981DE /* BaseObject.cpp in Sources */ = {isa = PBXBuildFile; fileRef = 2FEEA09C207E1D80003981DE /* BaseObject.cpp */; };
		2FEEA107207E1D80003981DE /* BaseObject.cpp in Sources */ = {isa = PBXBuildFile; fileRef = 2FEEA09C207E1D80003981DE /* BaseObject.cpp */; };
		2FEEA108207E1D80003981DE /* Bone.cpp in Sources */ = {isa = PBXBuildFile; fileRef = 2FEEA09F207E1D80003981DE /* Bone.cpp */; };
		2FEEA109207E1D80003981DE /* Bone.cpp in Sources */ = {isa = PBXBuildFile; fileRef = 2FEEA09F207E1D80003981DE /* Bone.cpp */; };
		2FEEA10A207E1D80003981DE /* Armature.cpp in Sources */ = {isa = PBXBuildFile; fileRef = 2FEEA0A2207E1D80003981DE /* Armature.cpp */; };
		2FEEA10B207E1D80003981DE /* Armature.cpp in Sources */ = {isa = PBXBuildFile; fileRef = 2FEEA0A2207E1D80003981DE /* Armature.cpp */; };
		2FEEA10C207E1D80003981DE /* Slot.cpp in Sources */ = {isa = PBXBuildFile; fileRef = 2FEEA0A4207E1D80003981DE /* Slot.cpp */; };
		2FEEA10D207E1D80003981DE /* Slot.cpp in Sources */ = {isa = PBXBuildFile; fileRef = 2FEEA0A4207E1D80003981DE /* Slot.cpp */; };
		2FEEA10E207E1D80003981DE /* WorldClock.cpp in Sources */ = {isa = PBXBuildFile; fileRef = 2FEEA0AC207E1D80003981DE /* WorldClock.cpp */; };
		2FEEA10F207E1D80003981DE /* WorldClock.cpp in Sources */ = {isa = PBXBuildFile; fileRef = 2FEEA0AC207E1D80003981DE /* WorldClock.cpp */; };
		2FEEA110207E1D80003981DE /* TimelineState.cpp in Sources */ = {isa = PBXBuildFile; fileRef = 2FEEA0AE207E1D80003981DE /* TimelineState.cpp */; };
		2FEEA111207E1D80003981DE /* TimelineState.cpp in Sources */ = {isa = PBXBuildFile; fileRef = 2FEEA0AE207E1D80003981DE /* TimelineState.cpp */; };
		2FEEA112207E1D80003981DE /* Animation.cpp in Sources */ = {isa = PBXBuildFile; fileRef = 2FEEA0AF207E1D80003981DE /* Animation.cpp */; };
		2FEEA113207E1D80003981DE /* Animation.cpp in Sources */ = {isa = PBXBuildFile; fileRef = 2FEEA0AF207E1D80003981DE /* Animation.cpp */; };
		2FEEA114207E1D80003981DE /* AnimationState.cpp in Sources */ = {isa = PBXBuildFile; fileRef = 2FEEA0B0207E1D80003981DE /* AnimationState.cpp */; };
		2FEEA115207E1D80003981DE /* AnimationState.cpp in Sources */ = {isa = PBXBuildFile; fileRef = 2FEEA0B0207E1D80003981DE /* AnimationState.cpp */; };
		2FEEA116207E1D80003981DE /* CCArmatureDisplay.cpp in Sources */ = {isa = PBXBuildFile; fileRef = 2FEEA0B3207E1D80003981DE /* CCArmatureDisplay.cpp */; };
		2FEEA117207E1D80003981DE /* CCArmatureDisplay.cpp in Sources */ = {isa = PBXBuildFile; fileRef = 2FEEA0B3207E1D80003981DE /* CCArmatureDisplay.cpp */; };
		2FEEA118207E1D80003981DE /* CCSlot.cpp in Sources */ = {isa = PBXBuildFile; fileRef = 2FEEA0B4207E1D80003981DE /* CCSlot.cpp */; };
		2FEEA119207E1D80003981DE /* CCSlot.cpp in Sources */ = {isa = PBXBuildFile; fileRef = 2FEEA0B4207E1D80003981DE /* CCSlot.cpp */; };
		2FEEA11A207E1D80003981DE /* CCTextureData.cpp in Sources */ = {isa = PBXBuildFile; fileRef = 2FEEA0B6207E1D80003981DE /* CCTextureData.cpp */; };
		2FEEA11B207E1D80003981DE /* CCTextureData.cpp in Sources */ = {isa = PBXBuildFile; fileRef = 2FEEA0B6207E1D80003981DE /* CCTextureData.cpp */; };
		2FEEA11C207E1D80003981DE /* CCFactory.cpp in Sources */ = {isa = PBXBuildFile; fileRef = 2FEEA0B8207E1D80003981DE /* CCFactory.cpp */; };
		2FEEA11D207E1D80003981DE /* CCFactory.cpp in Sources */ = {isa = PBXBuildFile; fileRef = 2FEEA0B8207E1D80003981DE /* CCFactory.cpp */; };
		2FEEA11E207E1D80003981DE /* BaseFactory.cpp in Sources */ = {isa = PBXBuildFile; fileRef = 2FEEA0C3207E1D80003981DE /* BaseFactory.cpp */; };
		2FEEA11F207E1D80003981DE /* BaseFactory.cpp in Sources */ = {isa = PBXBuildFile; fileRef = 2FEEA0C3207E1D80003981DE /* BaseFactory.cpp */; };
		2FEEA120207E1D80003981DE /* DragonBonesData.cpp in Sources */ = {isa = PBXBuildFile; fileRef = 2FEEA0C7207E1D80003981DE /* DragonBonesData.cpp */; };
		2FEEA121207E1D80003981DE /* DragonBonesData.cpp in Sources */ = {isa = PBXBuildFile; fileRef = 2FEEA0C7207E1D80003981DE /* DragonBonesData.cpp */; };
		2FEEA122207E1D80003981DE /* TimelineData.cpp in Sources */ = {isa = PBXBuildFile; fileRef = 2FEEA0CA207E1D80003981DE /* TimelineData.cpp */; };
		2FEEA123207E1D80003981DE /* TimelineData.cpp in Sources */ = {isa = PBXBuildFile; fileRef = 2FEEA0CA207E1D80003981DE /* TimelineData.cpp */; };
		2FEEA124207E1D80003981DE /* FrameData.cpp in Sources */ = {isa = PBXBuildFile; fileRef = 2FEEA0CB207E1D80003981DE /* FrameData.cpp */; };
		2FEEA125207E1D80003981DE /* FrameData.cpp in Sources */ = {isa = PBXBuildFile; fileRef = 2FEEA0CB207E1D80003981DE /* FrameData.cpp */; };
		2FEEA126207E1D80003981DE /* AnimationData.cpp in Sources */ = {isa = PBXBuildFile; fileRef = 2FEEA0CC207E1D80003981DE /* AnimationData.cpp */; };
		2FEEA127207E1D80003981DE /* AnimationData.cpp in Sources */ = {isa = PBXBuildFile; fileRef = 2FEEA0CC207E1D80003981DE /* AnimationData.cpp */; };
		2FEEA128207E1D80003981DE /* ArmatureData.cpp in Sources */ = {isa = PBXBuildFile; fileRef = 2FEEA0CD207E1D80003981DE /* ArmatureData.cpp */; };
		2FEEA129207E1D80003981DE /* ArmatureData.cpp in Sources */ = {isa = PBXBuildFile; fileRef = 2FEEA0CD207E1D80003981DE /* ArmatureData.cpp */; };
		2FEEA12A207E1D80003981DE /* EventObject.cpp in Sources */ = {isa = PBXBuildFile; fileRef = 2FEEA0D1207E1D80003981DE /* EventObject.cpp */; };
		2FEEA12B207E1D80003981DE /* EventObject.cpp in Sources */ = {isa = PBXBuildFile; fileRef = 2FEEA0D1207E1D80003981DE /* EventObject.cpp */; };
		2FEEA12C207E1D80003981DE /* Android.mk in Resources */ = {isa = PBXBuildFile; fileRef = 2FEEA0D3207E1D80003981DE /* Android.mk */; };
		2FEEA12D207E1D80003981DE /* Android.mk in Resources */ = {isa = PBXBuildFile; fileRef = 2FEEA0D3207E1D80003981DE /* Android.mk */; };
		2FEEA12E207E1D80003981DE /* CMakeLists.txt in Resources */ = {isa = PBXBuildFile; fileRef = 2FEEA0D4207E1D80003981DE /* CMakeLists.txt */; };
		2FEEA12F207E1D80003981DE /* CMakeLists.txt in Resources */ = {isa = PBXBuildFile; fileRef = 2FEEA0D4207E1D80003981DE /* CMakeLists.txt */; };
		2FEEA130207E1D80003981DE /* AnimationManager.cpp in Sources */ = {isa = PBXBuildFile; fileRef = 2FEEA0DA207E1D80003981DE /* AnimationManager.cpp */; };
		2FEEA131207E1D80003981DE /* AnimationManager.cpp in Sources */ = {isa = PBXBuildFile; fileRef = 2FEEA0DA207E1D80003981DE /* AnimationManager.cpp */; };
		2FEEA132207E1D80003981DE /* Bezier.cpp in Sources */ = {isa = PBXBuildFile; fileRef = 2FEEA0DB207E1D80003981DE /* Bezier.cpp */; };
		2FEEA133207E1D80003981DE /* Bezier.cpp in Sources */ = {isa = PBXBuildFile; fileRef = 2FEEA0DB207E1D80003981DE /* Bezier.cpp */; };
		2FEEA134207E1D80003981DE /* AnimationClip.cpp in Sources */ = {isa = PBXBuildFile; fileRef = 2FEEA0DC207E1D80003981DE /* AnimationClip.cpp */; };
		2FEEA135207E1D80003981DE /* AnimationClip.cpp in Sources */ = {isa = PBXBuildFile; fileRef = 2FEEA0DC207E1D80003981DE /* AnimationClip.cpp */; };
		2FEEA136207E1D80003981DE /* Easing.cpp in Sources */ = {isa = PBXBuildFile; fileRef = 2FEEA0DE207E1D80003981DE /* Easing.cpp */; };
		2FEEA137207E1D80003981DE /* Easing.cpp in Sources */ = {isa = PBXBuildFile; fileRef = 2FEEA0DE207E1D80003981DE /* Easing.cpp */; };
		2FEEA138207E1D80003981DE /* AnimateClip.cpp in Sources */ = {isa = PBXBuildFile; fileRef = 2FEEA0E2207E1D80003981DE /* AnimateClip.cpp */; };
		2FEEA139207E1D80003981DE /* AnimateClip.cpp in Sources */ = {isa = PBXBuildFile; fileRef = 2FEEA0E2207E1D80003981DE /* AnimateClip.cpp */; };
		2FEEA13A207E1D80003981DE /* Intersection.cpp in Sources */ = {isa = PBXBuildFile; fileRef = 2FEEA0E5207E1D80003981DE /* Intersection.cpp */; };
		2FEEA13B207E1D80003981DE /* Intersection.cpp in Sources */ = {isa = PBXBuildFile; fileRef = 2FEEA0E5207E1D80003981DE /* Intersection.cpp */; };
		2FEEA13C207E1D80003981DE /* Contract.cpp in Sources */ = {isa = PBXBuildFile; fileRef = 2FEEA0E7207E1D80003981DE /* Contract.cpp */; };
		2FEEA13D207E1D80003981DE /* Contract.cpp in Sources */ = {isa = PBXBuildFile; fileRef = 2FEEA0E7207E1D80003981DE /* Contract.cpp */; };
		2FEEA13E207E1D80003981DE /* ColliderManager.cpp in Sources */ = {isa = PBXBuildFile; fileRef = 2FEEA0E9207E1D80003981DE /* ColliderManager.cpp */; };
		2FEEA13F207E1D80003981DE /* ColliderManager.cpp in Sources */ = {isa = PBXBuildFile; fileRef = 2FEEA0E9207E1D80003981DE /* ColliderManager.cpp */; };
		2FEEA140207E1D80003981DE /* Collider.cpp in Sources */ = {isa = PBXBuildFile; fileRef = 2FEEA0EB207E1D80003981DE /* Collider.cpp */; };
		2FEEA141207E1D80003981DE /* Collider.cpp in Sources */ = {isa = PBXBuildFile; fileRef = 2FEEA0EB207E1D80003981DE /* Collider.cpp */; };
		2FEEA143207E1D93003981DE /* creator in Resources */ = {isa = PBXBuildFile; fileRef = 2FEEA142207E1D93003981DE /* creator */; };
		2FEEA144207E1D93003981DE /* creator in Resources */ = {isa = PBXBuildFile; fileRef = 2FEEA142207E1D93003981DE /* creator */; };
		2FEEA146207E2063003981DE /* GameController.framework in Frameworks */ = {isa = PBXBuildFile; fileRef = 2FEEA145207E2063003981DE /* GameController.framework */; };
		2FEEA148207E206D003981DE /* MediaPlayer.framework in Frameworks */ = {isa = PBXBuildFile; fileRef = 2FEEA147207E206D003981DE /* MediaPlayer.framework */; };
		3EACC98F19EE6D4300EB3C5E /* res in Resources */ = {isa = PBXBuildFile; fileRef = 3EACC98E19EE6D4300EB3C5E /* res */; };
		3EACC99019EE6D4300EB3C5E /* res in Resources */ = {isa = PBXBuildFile; fileRef = 3EACC98E19EE6D4300EB3C5E /* res */; };
		46880B7B19C43A67006E1F66 /* CloseNormal.png in Resources */ = {isa = PBXBuildFile; fileRef = 46880B7619C43A67006E1F66 /* CloseNormal.png */; };
		46880B7C19C43A67006E1F66 /* CloseNormal.png in Resources */ = {isa = PBXBuildFile; fileRef = 46880B7619C43A67006E1F66 /* CloseNormal.png */; };
		46880B7D19C43A67006E1F66 /* CloseSelected.png in Resources */ = {isa = PBXBuildFile; fileRef = 46880B7719C43A67006E1F66 /* CloseSelected.png */; };
		46880B7E19C43A67006E1F66 /* CloseSelected.png in Resources */ = {isa = PBXBuildFile; fileRef = 46880B7719C43A67006E1F66 /* CloseSelected.png */; };
		46880B8119C43A67006E1F66 /* HelloWorld.png in Resources */ = {isa = PBXBuildFile; fileRef = 46880B7A19C43A67006E1F66 /* HelloWorld.png */; };
		46880B8219C43A67006E1F66 /* HelloWorld.png in Resources */ = {isa = PBXBuildFile; fileRef = 46880B7A19C43A67006E1F66 /* HelloWorld.png */; };
		46880B8819C43A87006E1F66 /* AppDelegate.cpp in Sources */ = {isa = PBXBuildFile; fileRef = 46880B8419C43A87006E1F66 /* AppDelegate.cpp */; };
		46880B8919C43A87006E1F66 /* AppDelegate.cpp in Sources */ = {isa = PBXBuildFile; fileRef = 46880B8419C43A87006E1F66 /* AppDelegate.cpp */; };
		46880B8A19C43A87006E1F66 /* CustomScene.cpp in Sources */ = {isa = PBXBuildFile; fileRef = 46880B8619C43A87006E1F66 /* CustomScene.cpp */; };
		46880B8B19C43A87006E1F66 /* CustomScene.cpp in Sources */ = {isa = PBXBuildFile; fileRef = 46880B8619C43A87006E1F66 /* CustomScene.cpp */; };
		503AE0F817EB97AB00D1A890 /* Icon.icns in Resources */ = {isa = PBXBuildFile; fileRef = 503AE0F617EB97AB00D1A890 /* Icon.icns */; };
		503AE10017EB989F00D1A890 /* AppController.mm in Sources */ = {isa = PBXBuildFile; fileRef = 503AE0FB17EB989F00D1A890 /* AppController.mm */; };
		503AE10117EB989F00D1A890 /* main.m in Sources */ = {isa = PBXBuildFile; fileRef = 503AE0FC17EB989F00D1A890 /* main.m */; };
		503AE10217EB989F00D1A890 /* RootViewController.mm in Sources */ = {isa = PBXBuildFile; fileRef = 503AE0FF17EB989F00D1A890 /* RootViewController.mm */; };
		503AE10517EB98FF00D1A890 /* main.cpp in Sources */ = {isa = PBXBuildFile; fileRef = 503AE10317EB98FF00D1A890 /* main.cpp */; };
		503AE11B17EB9C5A00D1A890 /* IOKit.framework in Frameworks */ = {isa = PBXBuildFile; fileRef = 503AE11A17EB9C5A00D1A890 /* IOKit.framework */; };
		5087E76317EB910900C73F5D /* Foundation.framework in Frameworks */ = {isa = PBXBuildFile; fileRef = 1D30AB110D05D00D00671497 /* Foundation.framework */; };
		5087E76717EB910900C73F5D /* libz.dylib in Frameworks */ = {isa = PBXBuildFile; fileRef = BF170DB412928DE900B8313A /* libz.dylib */; };
		5087E76817EB910900C73F5D /* QuartzCore.framework in Frameworks */ = {isa = PBXBuildFile; fileRef = BF1C47EA1293683800B63C5D /* QuartzCore.framework */; };
		5087E76917EB910900C73F5D /* OpenAL.framework in Frameworks */ = {isa = PBXBuildFile; fileRef = D44C620B132DFF330009C878 /* OpenAL.framework */; };
		5087E76A17EB910900C73F5D /* AVFoundation.framework in Frameworks */ = {isa = PBXBuildFile; fileRef = D44C620D132DFF430009C878 /* AVFoundation.framework */; };
		5087E76B17EB910900C73F5D /* AudioToolbox.framework in Frameworks */ = {isa = PBXBuildFile; fileRef = D44C620F132DFF4E0009C878 /* AudioToolbox.framework */; };
		5087E77D17EB970100C73F5D /* Default-568h@2x.png in Resources */ = {isa = PBXBuildFile; fileRef = 5087E77217EB970100C73F5D /* Default-568h@2x.png */; };
		5087E77E17EB970100C73F5D /* Default.png in Resources */ = {isa = PBXBuildFile; fileRef = 5087E77317EB970100C73F5D /* Default.png */; };
		5087E77F17EB970100C73F5D /* Default@2x.png in Resources */ = {isa = PBXBuildFile; fileRef = 5087E77417EB970100C73F5D /* Default@2x.png */; };
		5087E78017EB970100C73F5D /* Icon-114.png in Resources */ = {isa = PBXBuildFile; fileRef = 5087E77517EB970100C73F5D /* Icon-114.png */; };
		5087E78117EB970100C73F5D /* Icon-120.png in Resources */ = {isa = PBXBuildFile; fileRef = 5087E77617EB970100C73F5D /* Icon-120.png */; };
		5087E78217EB970100C73F5D /* Icon-144.png in Resources */ = {isa = PBXBuildFile; fileRef = 5087E77717EB970100C73F5D /* Icon-144.png */; };
		5087E78317EB970100C73F5D /* Icon-152.png in Resources */ = {isa = PBXBuildFile; fileRef = 5087E77817EB970100C73F5D /* Icon-152.png */; };
		5087E78417EB970100C73F5D /* Icon-57.png in Resources */ = {isa = PBXBuildFile; fileRef = 5087E77917EB970100C73F5D /* Icon-57.png */; };
		5087E78517EB970100C73F5D /* Icon-72.png in Resources */ = {isa = PBXBuildFile; fileRef = 5087E77A17EB970100C73F5D /* Icon-72.png */; };
		5087E78617EB970100C73F5D /* Icon-76.png in Resources */ = {isa = PBXBuildFile; fileRef = 5087E77B17EB970100C73F5D /* Icon-76.png */; };
		5087E78917EB974C00C73F5D /* AppKit.framework in Frameworks */ = {isa = PBXBuildFile; fileRef = 5087E78817EB974C00C73F5D /* AppKit.framework */; };
		5087E78B17EB975400C73F5D /* OpenGL.framework in Frameworks */ = {isa = PBXBuildFile; fileRef = 5087E78A17EB975400C73F5D /* OpenGL.framework */; };
		50EF629617ECD46A001EB2F8 /* Icon-40.png in Resources */ = {isa = PBXBuildFile; fileRef = 50EF629217ECD46A001EB2F8 /* Icon-40.png */; };
		50EF629717ECD46A001EB2F8 /* Icon-58.png in Resources */ = {isa = PBXBuildFile; fileRef = 50EF629317ECD46A001EB2F8 /* Icon-58.png */; };
		50EF629817ECD46A001EB2F8 /* Icon-80.png in Resources */ = {isa = PBXBuildFile; fileRef = 50EF629417ECD46A001EB2F8 /* Icon-80.png */; };
		50EF629917ECD46A001EB2F8 /* Icon-100.png in Resources */ = {isa = PBXBuildFile; fileRef = 50EF629517ECD46A001EB2F8 /* Icon-100.png */; };
		50EF62A217ECD613001EB2F8 /* Icon-29.png in Resources */ = {isa = PBXBuildFile; fileRef = 50EF62A017ECD613001EB2F8 /* Icon-29.png */; };
		50EF62A317ECD613001EB2F8 /* Icon-50.png in Resources */ = {isa = PBXBuildFile; fileRef = 50EF62A117ECD613001EB2F8 /* Icon-50.png */; };
		521A8E6419F0C34300D177D7 /* Default-667h@2x.png in Resources */ = {isa = PBXBuildFile; fileRef = 521A8E6219F0C34300D177D7 /* Default-667h@2x.png */; };
		521A8E6519F0C34300D177D7 /* Default-736h@3x.png in Resources */ = {isa = PBXBuildFile; fileRef = 521A8E6319F0C34300D177D7 /* Default-736h@3x.png */; };
		521A8EA919F11F5000D177D7 /* fonts in Resources */ = {isa = PBXBuildFile; fileRef = 521A8EA819F11F5000D177D7 /* fonts */; };
		521A8EAA19F11F5000D177D7 /* fonts in Resources */ = {isa = PBXBuildFile; fileRef = 521A8EA819F11F5000D177D7 /* fonts */; };
		52B47A471A53D09C004E4C60 /* Security.framework in Frameworks */ = {isa = PBXBuildFile; fileRef = 52B47A461A53D09B004E4C60 /* Security.framework */; };
		8262943E1AAF051F00CB7CF7 /* Security.framework in Frameworks */ = {isa = PBXBuildFile; fileRef = 8262943D1AAF051F00CB7CF7 /* Security.framework */; };
		BF171245129291EC00B8313A /* OpenGLES.framework in Frameworks */ = {isa = PBXBuildFile; fileRef = BF170DB012928DE900B8313A /* OpenGLES.framework */; };
		BF1712471292920000B8313A /* libz.dylib in Frameworks */ = {isa = PBXBuildFile; fileRef = BF170DB412928DE900B8313A /* libz.dylib */; };
		BF1C47F01293687400B63C5D /* QuartzCore.framework in Frameworks */ = {isa = PBXBuildFile; fileRef = BF1C47EA1293683800B63C5D /* QuartzCore.framework */; };
		D44C620C132DFF330009C878 /* OpenAL.framework in Frameworks */ = {isa = PBXBuildFile; fileRef = D44C620B132DFF330009C878 /* OpenAL.framework */; };
		D44C620E132DFF430009C878 /* AVFoundation.framework in Frameworks */ = {isa = PBXBuildFile; fileRef = D44C620D132DFF430009C878 /* AVFoundation.framework */; };
		D44C6210132DFF4E0009C878 /* AudioToolbox.framework in Frameworks */ = {isa = PBXBuildFile; fileRef = D44C620F132DFF4E0009C878 /* AudioToolbox.framework */; };
		D6B0611B1803AB670077942B /* CoreMotion.framework in Frameworks */ = {isa = PBXBuildFile; fileRef = D6B0611A1803AB670077942B /* CoreMotion.framework */; };
		ED545A7C1B68A1F400C3958E /* libiconv.dylib in Frameworks */ = {isa = PBXBuildFile; fileRef = ED545A7B1B68A1F400C3958E /* libiconv.dylib */; };
		ED545A7E1B68A1FA00C3958E /* libiconv.dylib in Frameworks */ = {isa = PBXBuildFile; fileRef = ED545A7D1B68A1FA00C3958E /* libiconv.dylib */; };
/* End PBXBuildFile section */

/* Begin PBXContainerItemProxy section */
		1AC6FAF8180E9839004C840B /* PBXContainerItemProxy */ = {
			isa = PBXContainerItemProxy;
			containerPortal = 1AC6FAE5180E9839004C840B /* cocos2d_libs.xcodeproj */;
			proxyType = 2;
			remoteGlobalIDString = 1551A33F158F2AB200E66CFE;
			remoteInfo = "cocos2dx Mac";
		};
		1AC6FB06180E9839004C840B /* PBXContainerItemProxy */ = {
			isa = PBXContainerItemProxy;
			containerPortal = 1AC6FAE5180E9839004C840B /* cocos2d_libs.xcodeproj */;
			proxyType = 2;
			remoteGlobalIDString = A07A4D641783777C0073F6A7;
			remoteInfo = "cocos2dx iOS";
		};
		1AC6FB15180E9959004C840B /* PBXContainerItemProxy */ = {
			isa = PBXContainerItemProxy;
			containerPortal = 1AC6FAE5180E9839004C840B /* cocos2d_libs.xcodeproj */;
			proxyType = 1;
			remoteGlobalIDString = 1551A33E158F2AB200E66CFE;
			remoteInfo = "cocos2dx Mac";
		};
		1AC6FB24180E99E1004C840B /* PBXContainerItemProxy */ = {
			isa = PBXContainerItemProxy;
			containerPortal = 1AC6FAE5180E9839004C840B /* cocos2d_libs.xcodeproj */;
			proxyType = 1;
			remoteGlobalIDString = A07A4C241783777C0073F6A7;
			remoteInfo = "cocos2dx iOS";
		};
		2FA588C9207E0B20009CE848 /* PBXContainerItemProxy */ = {
			isa = PBXContainerItemProxy;
			containerPortal = 1AC6FAE5180E9839004C840B /* cocos2d_libs.xcodeproj */;
			proxyType = 2;
			remoteGlobalIDString = 507B40FD1C31BDD30067B53E;
			remoteInfo = "libcocos2d tvOS";
		};
/* End PBXContainerItemProxy section */

/* Begin PBXFileReference section */
		1AC6FAE5180E9839004C840B /* cocos2d_libs.xcodeproj */ = {isa = PBXFileReference; lastKnownFileType = "wrapper.pb-project"; name = cocos2d_libs.xcodeproj; path = ../cocos2d/build/cocos2d_libs.xcodeproj; sourceTree = "<group>"; };
		1ACB3243164770DE00914215 /* libcurl.a */ = {isa = PBXFileReference; lastKnownFileType = archive.ar; name = libcurl.a; path = ../../cocos2dx/platform/third_party/ios/libraries/libcurl.a; sourceTree = "<group>"; };
		1D30AB110D05D00D00671497 /* Foundation.framework */ = {isa = PBXFileReference; lastKnownFileType = wrapper.framework; name = Foundation.framework; path = System/Library/Frameworks/Foundation.framework; sourceTree = SDKROOT; };
		1D6058910D05DD3D006BFB54 /* CocosCreatorCppDemo-mobile.app */ = {isa = PBXFileReference; explicitFileType = wrapper.application; includeInIndex = 0; path = "CocosCreatorCppDemo-mobile.app"; sourceTree = BUILT_PRODUCTS_DIR; };
		1DF5F4DF0D08C38300B7A737 /* UIKit.framework */ = {isa = PBXFileReference; lastKnownFileType = wrapper.framework; name = UIKit.framework; path = System/Library/Frameworks/UIKit.framework; sourceTree = SDKROOT; };
		288765A40DF7441C002DB57D /* CoreGraphics.framework */ = {isa = PBXFileReference; lastKnownFileType = wrapper.framework; name = CoreGraphics.framework; path = System/Library/Frameworks/CoreGraphics.framework; sourceTree = SDKROOT; };
		294D0D631D0D56D500F7F5D4 /* CoreText.framework */ = {isa = PBXFileReference; lastKnownFileType = wrapper.framework; name = CoreText.framework; path = Platforms/iPhoneOS.platform/Developer/SDKs/iPhoneOS.sdk/System/Library/Frameworks/CoreText.framework; sourceTree = DEVELOPER_DIR; };
		2F06081220A305660023562B /* Globals.cpp */ = {isa = PBXFileReference; fileEncoding = 4; lastKnownFileType = sourcecode.cpp.cpp; path = Globals.cpp; sourceTree = "<group>"; };
		2F06081420A305660023562B /* Globals.h */ = {isa = PBXFileReference; fileEncoding = 4; lastKnownFileType = sourcecode.c.h; path = Globals.h; sourceTree = "<group>"; };
		2F06081720A56EAF0023562B /* Resources_HD */ = {isa = PBXFileReference; lastKnownFileType = folder; path = Resources_HD; sourceTree = "<group>"; };
		2F06081820A56EAF0023562B /* Resources_LD */ = {isa = PBXFileReference; lastKnownFileType = folder; path = Resources_LD; sourceTree = "<group>"; };
		2F06081920A56EAF0023562B /* Resources_SD */ = {isa = PBXFileReference; lastKnownFileType = folder; path = Resources_SD; sourceTree = "<group>"; };
		2F06082020A58CCC0023562B /* Default-812h@3x.png */ = {isa = PBXFileReference; lastKnownFileType = image.png; path = "Default-812h@3x.png"; sourceTree = "<group>"; };
		2F98C7B82091B74D002C1D70 /* CocosObjectFactory.h */ = {isa = PBXFileReference; fileEncoding = 4; lastKnownFileType = sourcecode.c.h; path = CocosObjectFactory.h; sourceTree = "<group>"; };
		2F98C7B92091CAE6002C1D70 /* CocosObjectFactory.cpp */ = {isa = PBXFileReference; fileEncoding = 4; lastKnownFileType = sourcecode.cpp.cpp; path = CocosObjectFactory.cpp; sourceTree = "<group>"; };
		2FA4D2FB207F34790005B3AB /* CocosCustomMacros.h */ = {isa = PBXFileReference; fileEncoding = 4; lastKnownFileType = sourcecode.c.h; path = CocosCustomMacros.h; sourceTree = "<group>"; };
		2FCC5801208DC48E00CB547A /* CustomLayer.h */ = {isa = PBXFileReference; fileEncoding = 4; lastKnownFileType = sourcecode.c.h; path = CustomLayer.h; sourceTree = "<group>"; };
		2FCC5803208DC48F00CB547A /* CustomLayer.cpp */ = {isa = PBXFileReference; fileEncoding = 4; lastKnownFileType = sourcecode.cpp.cpp; path = CustomLayer.cpp; sourceTree = "<group>"; };
		2FEEA089207E1D80003981DE /* RichtextStringVisitor.cpp */ = {isa = PBXFileReference; fileEncoding = 4; lastKnownFileType = sourcecode.cpp.cpp; path = RichtextStringVisitor.cpp; sourceTree = "<group>"; };
		2FEEA08A207E1D80003981DE /* PageView.cpp */ = {isa = PBXFileReference; fileEncoding = 4; lastKnownFileType = sourcecode.cpp.cpp; path = PageView.cpp; sourceTree = "<group>"; };
		2FEEA08B207E1D80003981DE /* RichtextStringVisitor.h */ = {isa = PBXFileReference; fileEncoding = 4; lastKnownFileType = sourcecode.c.h; path = RichtextStringVisitor.h; sourceTree = "<group>"; };
		2FEEA08C207E1D80003981DE /* PageView.h */ = {isa = PBXFileReference; fileEncoding = 4; lastKnownFileType = sourcecode.c.h; path = PageView.h; sourceTree = "<group>"; };
		2FEEA08D207E1D80003981DE /* CreatorReader.cpp */ = {isa = PBXFileReference; fileEncoding = 4; lastKnownFileType = sourcecode.cpp.cpp; path = CreatorReader.cpp; sourceTree = "<group>"; };
		2FEEA08F207E1D80003981DE /* DragonBonesHeaders.h */ = {isa = PBXFileReference; fileEncoding = 4; lastKnownFileType = sourcecode.c.h; path = DragonBonesHeaders.h; sourceTree = "<group>"; };
		2FEEA091207E1D80003981DE /* TextureData.cpp */ = {isa = PBXFileReference; fileEncoding = 4; lastKnownFileType = sourcecode.cpp.cpp; path = TextureData.cpp; sourceTree = "<group>"; };
		2FEEA092207E1D80003981DE /* TextureData.h */ = {isa = PBXFileReference; fileEncoding = 4; lastKnownFileType = sourcecode.c.h; path = TextureData.h; sourceTree = "<group>"; };
		2FEEA094207E1D80003981DE /* JSONDataParser.h */ = {isa = PBXFileReference; fileEncoding = 4; lastKnownFileType = sourcecode.c.h; path = JSONDataParser.h; sourceTree = "<group>"; };
		2FEEA095207E1D80003981DE /* DataParser.h */ = {isa = PBXFileReference; fileEncoding = 4; lastKnownFileType = sourcecode.c.h; path = DataParser.h; sourceTree = "<group>"; };
		2FEEA096207E1D80003981DE /* JSONDataParser.cpp */ = {isa = PBXFileReference; fileEncoding = 4; lastKnownFileType = sourcecode.cpp.cpp; path = JSONDataParser.cpp; sourceTree = "<group>"; };
		2FEEA097207E1D80003981DE /* DataParser.cpp */ = {isa = PBXFileReference; fileEncoding = 4; lastKnownFileType = sourcecode.cpp.cpp; path = DataParser.cpp; sourceTree = "<group>"; };
		2FEEA098207E1D80003981DE /* Android.mk */ = {isa = PBXFileReference; fileEncoding = 4; lastKnownFileType = text; path = Android.mk; sourceTree = "<group>"; };
		2FEEA099207E1D80003981DE /* CMakeLists.txt */ = {isa = PBXFileReference; fileEncoding = 4; lastKnownFileType = text; path = CMakeLists.txt; sourceTree = "<group>"; };
		2FEEA09B207E1D80003981DE /* BaseObject.h */ = {isa = PBXFileReference; fileEncoding = 4; lastKnownFileType = sourcecode.c.h; path = BaseObject.h; sourceTree = "<group>"; };
		2FEEA09C207E1D80003981DE /* BaseObject.cpp */ = {isa = PBXFileReference; fileEncoding = 4; lastKnownFileType = sourcecode.cpp.cpp; path = BaseObject.cpp; sourceTree = "<group>"; };
		2FEEA09D207E1D80003981DE /* DragonBones.h */ = {isa = PBXFileReference; fileEncoding = 4; lastKnownFileType = sourcecode.c.h; path = DragonBones.h; sourceTree = "<group>"; };
		2FEEA09F207E1D80003981DE /* Bone.cpp */ = {isa = PBXFileReference; fileEncoding = 4; lastKnownFileType = sourcecode.cpp.cpp; path = Bone.cpp; sourceTree = "<group>"; };
		2FEEA0A0207E1D80003981DE /* TransformObject.h */ = {isa = PBXFileReference; fileEncoding = 4; lastKnownFileType = sourcecode.c.h; path = TransformObject.h; sourceTree = "<group>"; };
		2FEEA0A1207E1D80003981DE /* Bone.h */ = {isa = PBXFileReference; fileEncoding = 4; lastKnownFileType = sourcecode.c.h; path = Bone.h; sourceTree = "<group>"; };
		2FEEA0A2207E1D80003981DE /* Armature.cpp */ = {isa = PBXFileReference; fileEncoding = 4; lastKnownFileType = sourcecode.cpp.cpp; path = Armature.cpp; sourceTree = "<group>"; };
		2FEEA0A3207E1D80003981DE /* Armature.h */ = {isa = PBXFileReference; fileEncoding = 4; lastKnownFileType = sourcecode.c.h; path = Armature.h; sourceTree = "<group>"; };
		2FEEA0A4207E1D80003981DE /* Slot.cpp */ = {isa = PBXFileReference; fileEncoding = 4; lastKnownFileType = sourcecode.cpp.cpp; path = Slot.cpp; sourceTree = "<group>"; };
		2FEEA0A5207E1D80003981DE /* Slot.h */ = {isa = PBXFileReference; fileEncoding = 4; lastKnownFileType = sourcecode.c.h; path = Slot.h; sourceTree = "<group>"; };
		2FEEA0A6207E1D80003981DE /* IArmatureDisplay.h */ = {isa = PBXFileReference; fileEncoding = 4; lastKnownFileType = sourcecode.c.h; path = IArmatureDisplay.h; sourceTree = "<group>"; };
		2FEEA0A8207E1D80003981DE /* Animation.h */ = {isa = PBXFileReference; fileEncoding = 4; lastKnownFileType = sourcecode.c.h; path = Animation.h; sourceTree = "<group>"; };
		2FEEA0A9207E1D80003981DE /* IAnimateble.h */ = {isa = PBXFileReference; fileEncoding = 4; lastKnownFileType = sourcecode.c.h; path = IAnimateble.h; sourceTree = "<group>"; };
		2FEEA0AA207E1D80003981DE /* BaseTimelineState.h */ = {isa = PBXFileReference; fileEncoding = 4; lastKnownFileType = sourcecode.c.h; path = BaseTimelineState.h; sourceTree = "<group>"; };
		2FEEA0AB207E1D80003981DE /* WorldClock.h */ = {isa = PBXFileReference; fileEncoding = 4; lastKnownFileType = sourcecode.c.h; path = WorldClock.h; sourceTree = "<group>"; };
		2FEEA0AC207E1D80003981DE /* WorldClock.cpp */ = {isa = PBXFileReference; fileEncoding = 4; lastKnownFileType = sourcecode.cpp.cpp; path = WorldClock.cpp; sourceTree = "<group>"; };
		2FEEA0AD207E1D80003981DE /* TimelineState.h */ = {isa = PBXFileReference; fileEncoding = 4; lastKnownFileType = sourcecode.c.h; path = TimelineState.h; sourceTree = "<group>"; };
		2FEEA0AE207E1D80003981DE /* TimelineState.cpp */ = {isa = PBXFileReference; fileEncoding = 4; lastKnownFileType = sourcecode.cpp.cpp; path = TimelineState.cpp; sourceTree = "<group>"; };
		2FEEA0AF207E1D80003981DE /* Animation.cpp */ = {isa = PBXFileReference; fileEncoding = 4; lastKnownFileType = sourcecode.cpp.cpp; path = Animation.cpp; sourceTree = "<group>"; };
		2FEEA0B0207E1D80003981DE /* AnimationState.cpp */ = {isa = PBXFileReference; fileEncoding = 4; lastKnownFileType = sourcecode.cpp.cpp; path = AnimationState.cpp; sourceTree = "<group>"; };
		2FEEA0B1207E1D80003981DE /* AnimationState.h */ = {isa = PBXFileReference; fileEncoding = 4; lastKnownFileType = sourcecode.c.h; path = AnimationState.h; sourceTree = "<group>"; };
		2FEEA0B3207E1D80003981DE /* CCArmatureDisplay.cpp */ = {isa = PBXFileReference; fileEncoding = 4; lastKnownFileType = sourcecode.cpp.cpp; path = CCArmatureDisplay.cpp; sourceTree = "<group>"; };
		2FEEA0B4207E1D80003981DE /* CCSlot.cpp */ = {isa = PBXFileReference; fileEncoding = 4; lastKnownFileType = sourcecode.cpp.cpp; path = CCSlot.cpp; sourceTree = "<group>"; };
		2FEEA0B5207E1D80003981DE /* CCArmatureDisplay.h */ = {isa = PBXFileReference; fileEncoding = 4; lastKnownFileType = sourcecode.c.h; path = CCArmatureDisplay.h; sourceTree = "<group>"; };
		2FEEA0B6207E1D80003981DE /* CCTextureData.cpp */ = {isa = PBXFileReference; fileEncoding = 4; lastKnownFileType = sourcecode.cpp.cpp; path = CCTextureData.cpp; sourceTree = "<group>"; };
		2FEEA0B7207E1D80003981DE /* CCTextureData.h */ = {isa = PBXFileReference; fileEncoding = 4; lastKnownFileType = sourcecode.c.h; path = CCTextureData.h; sourceTree = "<group>"; };
		2FEEA0B8207E1D80003981DE /* CCFactory.cpp */ = {isa = PBXFileReference; fileEncoding = 4; lastKnownFileType = sourcecode.cpp.cpp; path = CCFactory.cpp; sourceTree = "<group>"; };
		2FEEA0B9207E1D80003981DE /* CCDragonBonesHeaders.h */ = {isa = PBXFileReference; fileEncoding = 4; lastKnownFileType = sourcecode.c.h; path = CCDragonBonesHeaders.h; sourceTree = "<group>"; };
		2FEEA0BA207E1D80003981DE /* CCFactory.h */ = {isa = PBXFileReference; fileEncoding = 4; lastKnownFileType = sourcecode.c.h; path = CCFactory.h; sourceTree = "<group>"; };
		2FEEA0BB207E1D80003981DE /* CCSlot.h */ = {isa = PBXFileReference; fileEncoding = 4; lastKnownFileType = sourcecode.c.h; path = CCSlot.h; sourceTree = "<group>"; };
		2FEEA0BD207E1D80003981DE /* Point.h */ = {isa = PBXFileReference; fileEncoding = 4; lastKnownFileType = sourcecode.c.h; path = Point.h; sourceTree = "<group>"; };
		2FEEA0BE207E1D80003981DE /* Matrix.h */ = {isa = PBXFileReference; fileEncoding = 4; lastKnownFileType = sourcecode.c.h; path = Matrix.h; sourceTree = "<group>"; };
		2FEEA0BF207E1D80003981DE /* Transform.h */ = {isa = PBXFileReference; fileEncoding = 4; lastKnownFileType = sourcecode.c.h; path = Transform.h; sourceTree = "<group>"; };
		2FEEA0C0207E1D80003981DE /* Rectangle.h */ = {isa = PBXFileReference; fileEncoding = 4; lastKnownFileType = sourcecode.c.h; path = Rectangle.h; sourceTree = "<group>"; };
		2FEEA0C1207E1D80003981DE /* ColorTransform.h */ = {isa = PBXFileReference; fileEncoding = 4; lastKnownFileType = sourcecode.c.h; path = ColorTransform.h; sourceTree = "<group>"; };
		2FEEA0C3207E1D80003981DE /* BaseFactory.cpp */ = {isa = PBXFileReference; fileEncoding = 4; lastKnownFileType = sourcecode.cpp.cpp; path = BaseFactory.cpp; sourceTree = "<group>"; };
		2FEEA0C4207E1D80003981DE /* BaseFactory.h */ = {isa = PBXFileReference; fileEncoding = 4; lastKnownFileType = sourcecode.c.h; path = BaseFactory.h; sourceTree = "<group>"; };
		2FEEA0C6207E1D80003981DE /* ArmatureData.h */ = {isa = PBXFileReference; fileEncoding = 4; lastKnownFileType = sourcecode.c.h; path = ArmatureData.h; sourceTree = "<group>"; };
		2FEEA0C7207E1D80003981DE /* DragonBonesData.cpp */ = {isa = PBXFileReference; fileEncoding = 4; lastKnownFileType = sourcecode.cpp.cpp; path = DragonBonesData.cpp; sourceTree = "<group>"; };
		2FEEA0C8207E1D80003981DE /* AnimationData.h */ = {isa = PBXFileReference; fileEncoding = 4; lastKnownFileType = sourcecode.c.h; path = AnimationData.h; sourceTree = "<group>"; };
		2FEEA0C9207E1D80003981DE /* TimelineData.h */ = {isa = PBXFileReference; fileEncoding = 4; lastKnownFileType = sourcecode.c.h; path = TimelineData.h; sourceTree = "<group>"; };
		2FEEA0CA207E1D80003981DE /* TimelineData.cpp */ = {isa = PBXFileReference; fileEncoding = 4; lastKnownFileType = sourcecode.cpp.cpp; path = TimelineData.cpp; sourceTree = "<group>"; };
		2FEEA0CB207E1D80003981DE /* FrameData.cpp */ = {isa = PBXFileReference; fileEncoding = 4; lastKnownFileType = sourcecode.cpp.cpp; path = FrameData.cpp; sourceTree = "<group>"; };
		2FEEA0CC207E1D80003981DE /* AnimationData.cpp */ = {isa = PBXFileReference; fileEncoding = 4; lastKnownFileType = sourcecode.cpp.cpp; path = AnimationData.cpp; sourceTree = "<group>"; };
		2FEEA0CD207E1D80003981DE /* ArmatureData.cpp */ = {isa = PBXFileReference; fileEncoding = 4; lastKnownFileType = sourcecode.cpp.cpp; path = ArmatureData.cpp; sourceTree = "<group>"; };
		2FEEA0CE207E1D80003981DE /* FrameData.h */ = {isa = PBXFileReference; fileEncoding = 4; lastKnownFileType = sourcecode.c.h; path = FrameData.h; sourceTree = "<group>"; };
		2FEEA0CF207E1D80003981DE /* DragonBonesData.h */ = {isa = PBXFileReference; fileEncoding = 4; lastKnownFileType = sourcecode.c.h; path = DragonBonesData.h; sourceTree = "<group>"; };
		2FEEA0D1207E1D80003981DE /* EventObject.cpp */ = {isa = PBXFileReference; fileEncoding = 4; lastKnownFileType = sourcecode.cpp.cpp; path = EventObject.cpp; sourceTree = "<group>"; };
		2FEEA0D2207E1D80003981DE /* EventObject.h */ = {isa = PBXFileReference; fileEncoding = 4; lastKnownFileType = sourcecode.c.h; path = EventObject.h; sourceTree = "<group>"; };
		2FEEA0D3207E1D80003981DE /* Android.mk */ = {isa = PBXFileReference; fileEncoding = 4; lastKnownFileType = text; path = Android.mk; sourceTree = "<group>"; };
		2FEEA0D4207E1D80003981DE /* CMakeLists.txt */ = {isa = PBXFileReference; fileEncoding = 4; lastKnownFileType = text; path = CMakeLists.txt; sourceTree = "<group>"; };
		2FEEA0D5207E1D80003981DE /* CreatorReader_generated.h */ = {isa = PBXFileReference; fileEncoding = 4; lastKnownFileType = sourcecode.c.h; path = CreatorReader_generated.h; sourceTree = "<group>"; };
		2FEEA0D6207E1D80003981DE /* CreatorReader.h */ = {isa = PBXFileReference; fileEncoding = 4; lastKnownFileType = sourcecode.c.h; path = CreatorReader.h; sourceTree = "<group>"; };
		2FEEA0D8207E1D80003981DE /* Easing.h */ = {isa = PBXFileReference; fileEncoding = 4; lastKnownFileType = sourcecode.c.h; path = Easing.h; sourceTree = "<group>"; };
		2FEEA0D9207E1D80003981DE /* AnimateClip.h */ = {isa = PBXFileReference; fileEncoding = 4; lastKnownFileType = sourcecode.c.h; path = AnimateClip.h; sourceTree = "<group>"; };
		2FEEA0DA207E1D80003981DE /* AnimationManager.cpp */ = {isa = PBXFileReference; fileEncoding = 4; lastKnownFileType = sourcecode.cpp.cpp; path = AnimationManager.cpp; sourceTree = "<group>"; };
		2FEEA0DB207E1D80003981DE /* Bezier.cpp */ = {isa = PBXFileReference; fileEncoding = 4; lastKnownFileType = sourcecode.cpp.cpp; path = Bezier.cpp; sourceTree = "<group>"; };
		2FEEA0DC207E1D80003981DE /* AnimationClip.cpp */ = {isa = PBXFileReference; fileEncoding = 4; lastKnownFileType = sourcecode.cpp.cpp; path = AnimationClip.cpp; sourceTree = "<group>"; };
		2FEEA0DD207E1D80003981DE /* Bezier.h */ = {isa = PBXFileReference; fileEncoding = 4; lastKnownFileType = sourcecode.c.h; path = Bezier.h; sourceTree = "<group>"; };
		2FEEA0DE207E1D80003981DE /* Easing.cpp */ = {isa = PBXFileReference; fileEncoding = 4; lastKnownFileType = sourcecode.cpp.cpp; path = Easing.cpp; sourceTree = "<group>"; };
		2FEEA0DF207E1D80003981DE /* AnimationClipProperties.h */ = {isa = PBXFileReference; fileEncoding = 4; lastKnownFileType = sourcecode.c.h; path = AnimationClipProperties.h; sourceTree = "<group>"; };
		2FEEA0E0207E1D80003981DE /* AnimationManager.h */ = {isa = PBXFileReference; fileEncoding = 4; lastKnownFileType = sourcecode.c.h; path = AnimationManager.h; sourceTree = "<group>"; };
		2FEEA0E1207E1D80003981DE /* AnimationClip.h */ = {isa = PBXFileReference; fileEncoding = 4; lastKnownFileType = sourcecode.c.h; path = AnimationClip.h; sourceTree = "<group>"; };
		2FEEA0E2207E1D80003981DE /* AnimateClip.cpp */ = {isa = PBXFileReference; fileEncoding = 4; lastKnownFileType = sourcecode.cpp.cpp; path = AnimateClip.cpp; sourceTree = "<group>"; };
		2FEEA0E4207E1D80003981DE /* Collider.h */ = {isa = PBXFileReference; fileEncoding = 4; lastKnownFileType = sourcecode.c.h; path = Collider.h; sourceTree = "<group>"; };
		2FEEA0E5207E1D80003981DE /* Intersection.cpp */ = {isa = PBXFileReference; fileEncoding = 4; lastKnownFileType = sourcecode.cpp.cpp; path = Intersection.cpp; sourceTree = "<group>"; };
		2FEEA0E6207E1D80003981DE /* Intersection.h */ = {isa = PBXFileReference; fileEncoding = 4; lastKnownFileType = sourcecode.c.h; path = Intersection.h; sourceTree = "<group>"; };
		2FEEA0E7207E1D80003981DE /* Contract.cpp */ = {isa = PBXFileReference; fileEncoding = 4; lastKnownFileType = sourcecode.cpp.cpp; path = Contract.cpp; sourceTree = "<group>"; };
		2FEEA0E8207E1D80003981DE /* ColliderManager.h */ = {isa = PBXFileReference; fileEncoding = 4; lastKnownFileType = sourcecode.c.h; path = ColliderManager.h; sourceTree = "<group>"; };
		2FEEA0E9207E1D80003981DE /* ColliderManager.cpp */ = {isa = PBXFileReference; fileEncoding = 4; lastKnownFileType = sourcecode.cpp.cpp; path = ColliderManager.cpp; sourceTree = "<group>"; };
		2FEEA0EA207E1D80003981DE /* Contract.h */ = {isa = PBXFileReference; fileEncoding = 4; lastKnownFileType = sourcecode.c.h; path = Contract.h; sourceTree = "<group>"; };
		2FEEA0EB207E1D80003981DE /* Collider.cpp */ = {isa = PBXFileReference; fileEncoding = 4; lastKnownFileType = sourcecode.cpp.cpp; path = Collider.cpp; sourceTree = "<group>"; };
		2FEEA0EC207E1D80003981DE /* Macros.h */ = {isa = PBXFileReference; fileEncoding = 4; lastKnownFileType = sourcecode.c.h; path = Macros.h; sourceTree = "<group>"; };
		2FEEA0EE207E1D80003981DE /* grpc.h */ = {isa = PBXFileReference; fileEncoding = 4; lastKnownFileType = sourcecode.c.h; path = grpc.h; sourceTree = "<group>"; };
		2FEEA0EF207E1D80003981DE /* idl.h */ = {isa = PBXFileReference; fileEncoding = 4; lastKnownFileType = sourcecode.c.h; path = idl.h; sourceTree = "<group>"; };
		2FEEA0F0207E1D80003981DE /* reflection_generated.h */ = {isa = PBXFileReference; fileEncoding = 4; lastKnownFileType = sourcecode.c.h; path = reflection_generated.h; sourceTree = "<group>"; };
		2FEEA0F1207E1D80003981DE /* flatbuffers.h */ = {isa = PBXFileReference; fileEncoding = 4; lastKnownFileType = sourcecode.c.h; path = flatbuffers.h; sourceTree = "<group>"; };
		2FEEA0F2207E1D80003981DE /* util.h */ = {isa = PBXFileReference; fileEncoding = 4; lastKnownFileType = sourcecode.c.h; path = util.h; sourceTree = "<group>"; };
		2FEEA0F3207E1D80003981DE /* code_generators.h */ = {isa = PBXFileReference; fileEncoding = 4; lastKnownFileType = sourcecode.c.h; path = code_generators.h; sourceTree = "<group>"; };
		2FEEA0F4207E1D80003981DE /* hash.h */ = {isa = PBXFileReference; fileEncoding = 4; lastKnownFileType = sourcecode.c.h; path = hash.h; sourceTree = "<group>"; };
		2FEEA0F5207E1D80003981DE /* reflection.h */ = {isa = PBXFileReference; fileEncoding = 4; lastKnownFileType = sourcecode.c.h; path = reflection.h; sourceTree = "<group>"; };
		2FEEA142207E1D93003981DE /* creator */ = {isa = PBXFileReference; lastKnownFileType = folder; path = creator; sourceTree = "<group>"; };
		2FEEA145207E2063003981DE /* GameController.framework */ = {isa = PBXFileReference; lastKnownFileType = wrapper.framework; name = GameController.framework; path = Platforms/iPhoneOS.platform/Developer/SDKs/iPhoneOS11.3.sdk/System/Library/Frameworks/GameController.framework; sourceTree = DEVELOPER_DIR; };
		2FEEA147207E206D003981DE /* MediaPlayer.framework */ = {isa = PBXFileReference; lastKnownFileType = wrapper.framework; name = MediaPlayer.framework; path = Platforms/iPhoneOS.platform/Developer/SDKs/iPhoneOS11.3.sdk/System/Library/Frameworks/MediaPlayer.framework; sourceTree = DEVELOPER_DIR; };
		3EACC98E19EE6D4300EB3C5E /* res */ = {isa = PBXFileReference; lastKnownFileType = folder; path = res; sourceTree = "<group>"; };
		46880B7619C43A67006E1F66 /* CloseNormal.png */ = {isa = PBXFileReference; lastKnownFileType = image.png; path = CloseNormal.png; sourceTree = "<group>"; };
		46880B7719C43A67006E1F66 /* CloseSelected.png */ = {isa = PBXFileReference; lastKnownFileType = image.png; path = CloseSelected.png; sourceTree = "<group>"; };
		46880B7A19C43A67006E1F66 /* HelloWorld.png */ = {isa = PBXFileReference; lastKnownFileType = image.png; path = HelloWorld.png; sourceTree = "<group>"; };
		46880B8419C43A87006E1F66 /* AppDelegate.cpp */ = {isa = PBXFileReference; fileEncoding = 4; lastKnownFileType = sourcecode.cpp.cpp; path = AppDelegate.cpp; sourceTree = "<group>"; };
		46880B8519C43A87006E1F66 /* AppDelegate.h */ = {isa = PBXFileReference; fileEncoding = 4; lastKnownFileType = sourcecode.c.h; path = AppDelegate.h; sourceTree = "<group>"; };
		46880B8619C43A87006E1F66 /* CustomScene.cpp */ = {isa = PBXFileReference; fileEncoding = 4; lastKnownFileType = sourcecode.cpp.cpp; path = CustomScene.cpp; sourceTree = "<group>"; };
		46880B8719C43A87006E1F66 /* CustomScene.h */ = {isa = PBXFileReference; fileEncoding = 4; lastKnownFileType = sourcecode.c.h; path = CustomScene.h; sourceTree = "<group>"; };
		503AE0F617EB97AB00D1A890 /* Icon.icns */ = {isa = PBXFileReference; lastKnownFileType = image.icns; path = Icon.icns; sourceTree = "<group>"; };
		503AE0F717EB97AB00D1A890 /* Info.plist */ = {isa = PBXFileReference; fileEncoding = 4; lastKnownFileType = text.plist.xml; path = Info.plist; sourceTree = "<group>"; };
		503AE0FA17EB989F00D1A890 /* AppController.h */ = {isa = PBXFileReference; fileEncoding = 4; lastKnownFileType = sourcecode.c.h; name = AppController.h; path = ios/AppController.h; sourceTree = SOURCE_ROOT; };
		503AE0FB17EB989F00D1A890 /* AppController.mm */ = {isa = PBXFileReference; fileEncoding = 4; lastKnownFileType = sourcecode.cpp.objcpp; name = AppController.mm; path = ios/AppController.mm; sourceTree = SOURCE_ROOT; };
		503AE0FC17EB989F00D1A890 /* main.m */ = {isa = PBXFileReference; fileEncoding = 4; lastKnownFileType = sourcecode.c.objc; name = main.m; path = ios/main.m; sourceTree = SOURCE_ROOT; };
		503AE0FD17EB989F00D1A890 /* Prefix.pch */ = {isa = PBXFileReference; fileEncoding = 4; lastKnownFileType = sourcecode.c.h; name = Prefix.pch; path = ios/Prefix.pch; sourceTree = SOURCE_ROOT; };
		503AE0FE17EB989F00D1A890 /* RootViewController.h */ = {isa = PBXFileReference; fileEncoding = 4; lastKnownFileType = sourcecode.c.h; name = RootViewController.h; path = ios/RootViewController.h; sourceTree = SOURCE_ROOT; };
		503AE0FF17EB989F00D1A890 /* RootViewController.mm */ = {isa = PBXFileReference; fileEncoding = 4; lastKnownFileType = sourcecode.cpp.objcpp; name = RootViewController.mm; path = ios/RootViewController.mm; sourceTree = SOURCE_ROOT; };
		503AE10317EB98FF00D1A890 /* main.cpp */ = {isa = PBXFileReference; fileEncoding = 4; lastKnownFileType = sourcecode.cpp.cpp; name = main.cpp; path = mac/main.cpp; sourceTree = "<group>"; };
		503AE10417EB98FF00D1A890 /* Prefix.pch */ = {isa = PBXFileReference; fileEncoding = 4; lastKnownFileType = sourcecode.c.h; name = Prefix.pch; path = mac/Prefix.pch; sourceTree = "<group>"; };
		503AE11117EB99EE00D1A890 /* libcurl.dylib */ = {isa = PBXFileReference; lastKnownFileType = "compiled.mach-o.dylib"; name = libcurl.dylib; path = usr/lib/libcurl.dylib; sourceTree = SDKROOT; };
		503AE11A17EB9C5A00D1A890 /* IOKit.framework */ = {isa = PBXFileReference; lastKnownFileType = wrapper.framework; name = IOKit.framework; path = System/Library/Frameworks/IOKit.framework; sourceTree = SDKROOT; };
		5087E76F17EB910900C73F5D /* CocosCreatorCppDemo-desktop.app */ = {isa = PBXFileReference; explicitFileType = wrapper.application; includeInIndex = 0; path = "CocosCreatorCppDemo-desktop.app"; sourceTree = BUILT_PRODUCTS_DIR; };
		5087E77217EB970100C73F5D /* Default-568h@2x.png */ = {isa = PBXFileReference; lastKnownFileType = image.png; path = "Default-568h@2x.png"; sourceTree = "<group>"; };
		5087E77317EB970100C73F5D /* Default.png */ = {isa = PBXFileReference; lastKnownFileType = image.png; path = Default.png; sourceTree = "<group>"; };
		5087E77417EB970100C73F5D /* Default@2x.png */ = {isa = PBXFileReference; lastKnownFileType = image.png; path = "Default@2x.png"; sourceTree = "<group>"; };
		5087E77517EB970100C73F5D /* Icon-114.png */ = {isa = PBXFileReference; lastKnownFileType = image.png; path = "Icon-114.png"; sourceTree = "<group>"; };
		5087E77617EB970100C73F5D /* Icon-120.png */ = {isa = PBXFileReference; lastKnownFileType = image.png; path = "Icon-120.png"; sourceTree = "<group>"; };
		5087E77717EB970100C73F5D /* Icon-144.png */ = {isa = PBXFileReference; lastKnownFileType = image.png; path = "Icon-144.png"; sourceTree = "<group>"; };
		5087E77817EB970100C73F5D /* Icon-152.png */ = {isa = PBXFileReference; lastKnownFileType = image.png; path = "Icon-152.png"; sourceTree = "<group>"; };
		5087E77917EB970100C73F5D /* Icon-57.png */ = {isa = PBXFileReference; lastKnownFileType = image.png; path = "Icon-57.png"; sourceTree = "<group>"; };
		5087E77A17EB970100C73F5D /* Icon-72.png */ = {isa = PBXFileReference; lastKnownFileType = image.png; path = "Icon-72.png"; sourceTree = "<group>"; };
		5087E77B17EB970100C73F5D /* Icon-76.png */ = {isa = PBXFileReference; lastKnownFileType = image.png; path = "Icon-76.png"; sourceTree = "<group>"; };
		5087E77C17EB970100C73F5D /* Info.plist */ = {isa = PBXFileReference; fileEncoding = 4; lastKnownFileType = text.plist.xml; path = Info.plist; sourceTree = "<group>"; };
		5087E78817EB974C00C73F5D /* AppKit.framework */ = {isa = PBXFileReference; lastKnownFileType = wrapper.framework; name = AppKit.framework; path = System/Library/Frameworks/AppKit.framework; sourceTree = SDKROOT; };
		5087E78A17EB975400C73F5D /* OpenGL.framework */ = {isa = PBXFileReference; lastKnownFileType = wrapper.framework; name = OpenGL.framework; path = System/Library/Frameworks/OpenGL.framework; sourceTree = SDKROOT; };
		50EF629217ECD46A001EB2F8 /* Icon-40.png */ = {isa = PBXFileReference; lastKnownFileType = image.png; path = "Icon-40.png"; sourceTree = "<group>"; };
		50EF629317ECD46A001EB2F8 /* Icon-58.png */ = {isa = PBXFileReference; lastKnownFileType = image.png; path = "Icon-58.png"; sourceTree = "<group>"; };
		50EF629417ECD46A001EB2F8 /* Icon-80.png */ = {isa = PBXFileReference; lastKnownFileType = image.png; path = "Icon-80.png"; sourceTree = "<group>"; };
		50EF629517ECD46A001EB2F8 /* Icon-100.png */ = {isa = PBXFileReference; lastKnownFileType = image.png; path = "Icon-100.png"; sourceTree = "<group>"; };
		50EF62A017ECD613001EB2F8 /* Icon-29.png */ = {isa = PBXFileReference; lastKnownFileType = image.png; path = "Icon-29.png"; sourceTree = "<group>"; };
		50EF62A117ECD613001EB2F8 /* Icon-50.png */ = {isa = PBXFileReference; lastKnownFileType = image.png; path = "Icon-50.png"; sourceTree = "<group>"; };
		521A8E6219F0C34300D177D7 /* Default-667h@2x.png */ = {isa = PBXFileReference; lastKnownFileType = image.png; path = "Default-667h@2x.png"; sourceTree = "<group>"; };
		521A8E6319F0C34300D177D7 /* Default-736h@3x.png */ = {isa = PBXFileReference; lastKnownFileType = image.png; path = "Default-736h@3x.png"; sourceTree = "<group>"; };
		521A8EA819F11F5000D177D7 /* fonts */ = {isa = PBXFileReference; lastKnownFileType = folder; path = fonts; sourceTree = "<group>"; };
		52B47A461A53D09B004E4C60 /* Security.framework */ = {isa = PBXFileReference; lastKnownFileType = wrapper.framework; name = Security.framework; path = Platforms/iPhoneOS.platform/Developer/SDKs/iPhoneOS.sdk/System/Library/Frameworks/Security.framework; sourceTree = DEVELOPER_DIR; };
		8262943D1AAF051F00CB7CF7 /* Security.framework */ = {isa = PBXFileReference; lastKnownFileType = wrapper.framework; name = Security.framework; path = System/Library/Frameworks/Security.framework; sourceTree = SDKROOT; };
		BF170DB012928DE900B8313A /* OpenGLES.framework */ = {isa = PBXFileReference; lastKnownFileType = wrapper.framework; name = OpenGLES.framework; path = System/Library/Frameworks/OpenGLES.framework; sourceTree = SDKROOT; };
		BF170DB412928DE900B8313A /* libz.dylib */ = {isa = PBXFileReference; lastKnownFileType = "compiled.mach-o.dylib"; name = libz.dylib; path = usr/lib/libz.dylib; sourceTree = SDKROOT; };
		BF1C47EA1293683800B63C5D /* QuartzCore.framework */ = {isa = PBXFileReference; lastKnownFileType = wrapper.framework; name = QuartzCore.framework; path = System/Library/Frameworks/QuartzCore.framework; sourceTree = SDKROOT; };
		D44C620B132DFF330009C878 /* OpenAL.framework */ = {isa = PBXFileReference; lastKnownFileType = wrapper.framework; name = OpenAL.framework; path = System/Library/Frameworks/OpenAL.framework; sourceTree = SDKROOT; };
		D44C620D132DFF430009C878 /* AVFoundation.framework */ = {isa = PBXFileReference; lastKnownFileType = wrapper.framework; name = AVFoundation.framework; path = System/Library/Frameworks/AVFoundation.framework; sourceTree = SDKROOT; };
		D44C620F132DFF4E0009C878 /* AudioToolbox.framework */ = {isa = PBXFileReference; lastKnownFileType = wrapper.framework; name = AudioToolbox.framework; path = System/Library/Frameworks/AudioToolbox.framework; sourceTree = SDKROOT; };
		D6B0611A1803AB670077942B /* CoreMotion.framework */ = {isa = PBXFileReference; lastKnownFileType = wrapper.framework; name = CoreMotion.framework; path = Platforms/iPhoneOS.platform/Developer/SDKs/iPhoneOS.sdk/System/Library/Frameworks/CoreMotion.framework; sourceTree = DEVELOPER_DIR; };
		ED545A7B1B68A1F400C3958E /* libiconv.dylib */ = {isa = PBXFileReference; lastKnownFileType = "compiled.mach-o.dylib"; name = libiconv.dylib; path = Platforms/iPhoneOS.platform/Developer/SDKs/iPhoneOS.sdk/usr/lib/libiconv.dylib; sourceTree = DEVELOPER_DIR; };
		ED545A7D1B68A1FA00C3958E /* libiconv.dylib */ = {isa = PBXFileReference; lastKnownFileType = "compiled.mach-o.dylib"; name = libiconv.dylib; path = usr/lib/libiconv.dylib; sourceTree = SDKROOT; };
/* End PBXFileReference section */

/* Begin PBXFrameworksBuildPhase section */
		1D60588F0D05DD3D006BFB54 /* Frameworks */ = {
			isa = PBXFrameworksBuildPhase;
			buildActionMask = 2147483647;
			files = (
				2FEEA148207E206D003981DE /* MediaPlayer.framework in Frameworks */,
				2FEEA146207E2063003981DE /* GameController.framework in Frameworks */,
				294D0D641D0D56D500F7F5D4 /* CoreText.framework in Frameworks */,
				ED545A7C1B68A1F400C3958E /* libiconv.dylib in Frameworks */,
				52B47A471A53D09C004E4C60 /* Security.framework in Frameworks */,
				1AC6FB30180E99EB004C840B /* libcocos2d iOS.a in Frameworks */,
				D6B0611B1803AB670077942B /* CoreMotion.framework in Frameworks */,
				1D60589F0D05DD5A006BFB54 /* Foundation.framework in Frameworks */,
				1DF5F4E00D08C38300B7A737 /* UIKit.framework in Frameworks */,
				288765A50DF7441C002DB57D /* CoreGraphics.framework in Frameworks */,
				BF171245129291EC00B8313A /* OpenGLES.framework in Frameworks */,
				BF1712471292920000B8313A /* libz.dylib in Frameworks */,
				BF1C47F01293687400B63C5D /* QuartzCore.framework in Frameworks */,
				D44C620C132DFF330009C878 /* OpenAL.framework in Frameworks */,
				D44C620E132DFF430009C878 /* AVFoundation.framework in Frameworks */,
				D44C6210132DFF4E0009C878 /* AudioToolbox.framework in Frameworks */,
			);
			runOnlyForDeploymentPostprocessing = 0;
		};
		5087E75C17EB910900C73F5D /* Frameworks */ = {
			isa = PBXFrameworksBuildPhase;
			buildActionMask = 2147483647;
			files = (
				ED545A7E1B68A1FA00C3958E /* libiconv.dylib in Frameworks */,
				1AC6FB21180E996B004C840B /* libcocos2d Mac.a in Frameworks */,
				5087E76717EB910900C73F5D /* libz.dylib in Frameworks */,
				8262943E1AAF051F00CB7CF7 /* Security.framework in Frameworks */,
				503AE11B17EB9C5A00D1A890 /* IOKit.framework in Frameworks */,
				5087E78B17EB975400C73F5D /* OpenGL.framework in Frameworks */,
				5087E78917EB974C00C73F5D /* AppKit.framework in Frameworks */,
				5087E76317EB910900C73F5D /* Foundation.framework in Frameworks */,
				5087E76817EB910900C73F5D /* QuartzCore.framework in Frameworks */,
				5087E76917EB910900C73F5D /* OpenAL.framework in Frameworks */,
				5087E76A17EB910900C73F5D /* AVFoundation.framework in Frameworks */,
				5087E76B17EB910900C73F5D /* AudioToolbox.framework in Frameworks */,
			);
			runOnlyForDeploymentPostprocessing = 0;
		};
/* End PBXFrameworksBuildPhase section */

/* Begin PBXGroup section */
		080E96DDFE201D6D7F000001 /* ios */ = {
			isa = PBXGroup;
			children = (
				5087E77117EB970100C73F5D /* Icons */,
				503AE0FA17EB989F00D1A890 /* AppController.h */,
				503AE0FB17EB989F00D1A890 /* AppController.mm */,
				503AE0FC17EB989F00D1A890 /* main.m */,
				503AE0FD17EB989F00D1A890 /* Prefix.pch */,
				503AE0FE17EB989F00D1A890 /* RootViewController.h */,
				503AE0FF17EB989F00D1A890 /* RootViewController.mm */,
			);
			name = ios;
			path = Classes;
			sourceTree = "<group>";
		};
		19C28FACFE9D520D11CA2CBB /* Products */ = {
			isa = PBXGroup;
			children = (
				1D6058910D05DD3D006BFB54 /* CocosCreatorCppDemo-mobile.app */,
				5087E76F17EB910900C73F5D /* CocosCreatorCppDemo-desktop.app */,
			);
			name = Products;
			sourceTree = "<group>";
		};
		1AC6FAE6180E9839004C840B /* Products */ = {
			isa = PBXGroup;
			children = (
				1AC6FAF9180E9839004C840B /* libcocos2d Mac.a */,
				1AC6FB07180E9839004C840B /* libcocos2d iOS.a */,
				2FA588CA207E0B20009CE848 /* libcocos2d tvOS.a */,
			);
			name = Products;
			sourceTree = "<group>";
		};
		29B97314FDCFA39411CA2CEA /* CustomTemplate */ = {
			isa = PBXGroup;
			children = (
				46880B8319C43A87006E1F66 /* Classes */,
				46880B7519C43A67006E1F66 /* Resources */,
				1AC6FAE5180E9839004C840B /* cocos2d_libs.xcodeproj */,
				29B97323FDCFA39411CA2CEA /* Frameworks */,
				080E96DDFE201D6D7F000001 /* ios */,
				503AE10617EB990700D1A890 /* mac */,
				19C28FACFE9D520D11CA2CBB /* Products */,
			);
			name = CustomTemplate;
			sourceTree = "<group>";
		};
		29B97323FDCFA39411CA2CEA /* Frameworks */ = {
			isa = PBXGroup;
			children = (
				2FEEA147207E206D003981DE /* MediaPlayer.framework */,
				2FEEA145207E2063003981DE /* GameController.framework */,
				294D0D631D0D56D500F7F5D4 /* CoreText.framework */,
				ED545A7D1B68A1FA00C3958E /* libiconv.dylib */,
				ED545A7B1B68A1F400C3958E /* libiconv.dylib */,
				8262943D1AAF051F00CB7CF7 /* Security.framework */,
				52B47A461A53D09B004E4C60 /* Security.framework */,
				D6B0611A1803AB670077942B /* CoreMotion.framework */,
				503AE11A17EB9C5A00D1A890 /* IOKit.framework */,
				503AE11117EB99EE00D1A890 /* libcurl.dylib */,
				5087E78A17EB975400C73F5D /* OpenGL.framework */,
				5087E78817EB974C00C73F5D /* AppKit.framework */,
				1ACB3243164770DE00914215 /* libcurl.a */,
				BF170DB412928DE900B8313A /* libz.dylib */,
				D44C620F132DFF4E0009C878 /* AudioToolbox.framework */,
				D44C620D132DFF430009C878 /* AVFoundation.framework */,
				288765A40DF7441C002DB57D /* CoreGraphics.framework */,
				1D30AB110D05D00D00671497 /* Foundation.framework */,
				D44C620B132DFF330009C878 /* OpenAL.framework */,
				BF170DB012928DE900B8313A /* OpenGLES.framework */,
				BF1C47EA1293683800B63C5D /* QuartzCore.framework */,
				1DF5F4DF0D08C38300B7A737 /* UIKit.framework */,
			);
			name = Frameworks;
			sourceTree = "<group>";
		};
		2FEEA087207E1D80003981DE /* reader */ = {
			isa = PBXGroup;
			children = (
				2FEEA088207E1D80003981DE /* ui */,
				2FEEA08D207E1D80003981DE /* CreatorReader.cpp */,
				2FEEA08E207E1D80003981DE /* dragonbones */,
				2FEEA0D3207E1D80003981DE /* Android.mk */,
				2FEEA0D4207E1D80003981DE /* CMakeLists.txt */,
				2FEEA0D5207E1D80003981DE /* CreatorReader_generated.h */,
				2FEEA0D6207E1D80003981DE /* CreatorReader.h */,
				2F98C7B82091B74D002C1D70 /* CocosObjectFactory.h */,
				2F98C7B92091CAE6002C1D70 /* CocosObjectFactory.cpp */,
				2FEEA0D7207E1D80003981DE /* animation */,
				2FEEA0E3207E1D80003981DE /* collider */,
				2FEEA0EC207E1D80003981DE /* Macros.h */,
				2FEEA0ED207E1D80003981DE /* flatbuffers */,
			);
			path = reader;
			sourceTree = "<group>";
		};
		2FEEA088207E1D80003981DE /* ui */ = {
			isa = PBXGroup;
			children = (
				2FEEA089207E1D80003981DE /* RichtextStringVisitor.cpp */,
				2FEEA08A207E1D80003981DE /* PageView.cpp */,
				2FEEA08B207E1D80003981DE /* RichtextStringVisitor.h */,
				2FEEA08C207E1D80003981DE /* PageView.h */,
			);
			path = ui;
			sourceTree = "<group>";
		};
		2FEEA08E207E1D80003981DE /* dragonbones */ = {
			isa = PBXGroup;
			children = (
				2FEEA08F207E1D80003981DE /* DragonBonesHeaders.h */,
				2FEEA090207E1D80003981DE /* textures */,
				2FEEA093207E1D80003981DE /* parsers */,
				2FEEA098207E1D80003981DE /* Android.mk */,
				2FEEA099207E1D80003981DE /* CMakeLists.txt */,
				2FEEA09A207E1D80003981DE /* core */,
				2FEEA09E207E1D80003981DE /* armature */,
				2FEEA0A7207E1D80003981DE /* animation */,
				2FEEA0B2207E1D80003981DE /* cocos2dx */,
				2FEEA0BC207E1D80003981DE /* geom */,
				2FEEA0C2207E1D80003981DE /* factories */,
				2FEEA0C5207E1D80003981DE /* model */,
				2FEEA0D0207E1D80003981DE /* events */,
			);
			path = dragonbones;
			sourceTree = "<group>";
		};
		2FEEA090207E1D80003981DE /* textures */ = {
			isa = PBXGroup;
			children = (
				2FEEA091207E1D80003981DE /* TextureData.cpp */,
				2FEEA092207E1D80003981DE /* TextureData.h */,
			);
			path = textures;
			sourceTree = "<group>";
		};
		2FEEA093207E1D80003981DE /* parsers */ = {
			isa = PBXGroup;
			children = (
				2FEEA094207E1D80003981DE /* JSONDataParser.h */,
				2FEEA095207E1D80003981DE /* DataParser.h */,
				2FEEA096207E1D80003981DE /* JSONDataParser.cpp */,
				2FEEA097207E1D80003981DE /* DataParser.cpp */,
			);
			path = parsers;
			sourceTree = "<group>";
		};
		2FEEA09A207E1D80003981DE /* core */ = {
			isa = PBXGroup;
			children = (
				2FEEA09B207E1D80003981DE /* BaseObject.h */,
				2FEEA09C207E1D80003981DE /* BaseObject.cpp */,
				2FEEA09D207E1D80003981DE /* DragonBones.h */,
			);
			path = core;
			sourceTree = "<group>";
		};
		2FEEA09E207E1D80003981DE /* armature */ = {
			isa = PBXGroup;
			children = (
				2FEEA09F207E1D80003981DE /* Bone.cpp */,
				2FEEA0A0207E1D80003981DE /* TransformObject.h */,
				2FEEA0A1207E1D80003981DE /* Bone.h */,
				2FEEA0A2207E1D80003981DE /* Armature.cpp */,
				2FEEA0A3207E1D80003981DE /* Armature.h */,
				2FEEA0A4207E1D80003981DE /* Slot.cpp */,
				2FEEA0A5207E1D80003981DE /* Slot.h */,
				2FEEA0A6207E1D80003981DE /* IArmatureDisplay.h */,
			);
			path = armature;
			sourceTree = "<group>";
		};
		2FEEA0A7207E1D80003981DE /* animation */ = {
			isa = PBXGroup;
			children = (
				2FEEA0A8207E1D80003981DE /* Animation.h */,
				2FEEA0A9207E1D80003981DE /* IAnimateble.h */,
				2FEEA0AA207E1D80003981DE /* BaseTimelineState.h */,
				2FEEA0AB207E1D80003981DE /* WorldClock.h */,
				2FEEA0AC207E1D80003981DE /* WorldClock.cpp */,
				2FEEA0AD207E1D80003981DE /* TimelineState.h */,
				2FEEA0AE207E1D80003981DE /* TimelineState.cpp */,
				2FEEA0AF207E1D80003981DE /* Animation.cpp */,
				2FEEA0B0207E1D80003981DE /* AnimationState.cpp */,
				2FEEA0B1207E1D80003981DE /* AnimationState.h */,
			);
			path = animation;
			sourceTree = "<group>";
		};
		2FEEA0B2207E1D80003981DE /* cocos2dx */ = {
			isa = PBXGroup;
			children = (
				2FEEA0B3207E1D80003981DE /* CCArmatureDisplay.cpp */,
				2FEEA0B4207E1D80003981DE /* CCSlot.cpp */,
				2FEEA0B5207E1D80003981DE /* CCArmatureDisplay.h */,
				2FEEA0B6207E1D80003981DE /* CCTextureData.cpp */,
				2FEEA0B7207E1D80003981DE /* CCTextureData.h */,
				2FEEA0B8207E1D80003981DE /* CCFactory.cpp */,
				2FEEA0B9207E1D80003981DE /* CCDragonBonesHeaders.h */,
				2FEEA0BA207E1D80003981DE /* CCFactory.h */,
				2FEEA0BB207E1D80003981DE /* CCSlot.h */,
			);
			path = cocos2dx;
			sourceTree = "<group>";
		};
		2FEEA0BC207E1D80003981DE /* geom */ = {
			isa = PBXGroup;
			children = (
				2FEEA0BD207E1D80003981DE /* Point.h */,
				2FEEA0BE207E1D80003981DE /* Matrix.h */,
				2FEEA0BF207E1D80003981DE /* Transform.h */,
				2FEEA0C0207E1D80003981DE /* Rectangle.h */,
				2FEEA0C1207E1D80003981DE /* ColorTransform.h */,
			);
			path = geom;
			sourceTree = "<group>";
		};
		2FEEA0C2207E1D80003981DE /* factories */ = {
			isa = PBXGroup;
			children = (
				2FEEA0C3207E1D80003981DE /* BaseFactory.cpp */,
				2FEEA0C4207E1D80003981DE /* BaseFactory.h */,
			);
			path = factories;
			sourceTree = "<group>";
		};
		2FEEA0C5207E1D80003981DE /* model */ = {
			isa = PBXGroup;
			children = (
				2FEEA0C6207E1D80003981DE /* ArmatureData.h */,
				2FEEA0C7207E1D80003981DE /* DragonBonesData.cpp */,
				2FEEA0C8207E1D80003981DE /* AnimationData.h */,
				2FEEA0C9207E1D80003981DE /* TimelineData.h */,
				2FEEA0CA207E1D80003981DE /* TimelineData.cpp */,
				2FEEA0CB207E1D80003981DE /* FrameData.cpp */,
				2FEEA0CC207E1D80003981DE /* AnimationData.cpp */,
				2FEEA0CD207E1D80003981DE /* ArmatureData.cpp */,
				2FEEA0CE207E1D80003981DE /* FrameData.h */,
				2FEEA0CF207E1D80003981DE /* DragonBonesData.h */,
			);
			path = model;
			sourceTree = "<group>";
		};
		2FEEA0D0207E1D80003981DE /* events */ = {
			isa = PBXGroup;
			children = (
				2FEEA0D1207E1D80003981DE /* EventObject.cpp */,
				2FEEA0D2207E1D80003981DE /* EventObject.h */,
			);
			path = events;
			sourceTree = "<group>";
		};
		2FEEA0D7207E1D80003981DE /* animation */ = {
			isa = PBXGroup;
			children = (
				2FEEA0D8207E1D80003981DE /* Easing.h */,
				2FEEA0D9207E1D80003981DE /* AnimateClip.h */,
				2FEEA0DA207E1D80003981DE /* AnimationManager.cpp */,
				2FEEA0DB207E1D80003981DE /* Bezier.cpp */,
				2FEEA0DC207E1D80003981DE /* AnimationClip.cpp */,
				2FEEA0DD207E1D80003981DE /* Bezier.h */,
				2FEEA0DE207E1D80003981DE /* Easing.cpp */,
				2FEEA0DF207E1D80003981DE /* AnimationClipProperties.h */,
				2FEEA0E0207E1D80003981DE /* AnimationManager.h */,
				2FEEA0E1207E1D80003981DE /* AnimationClip.h */,
				2FEEA0E2207E1D80003981DE /* AnimateClip.cpp */,
			);
			path = animation;
			sourceTree = "<group>";
		};
		2FEEA0E3207E1D80003981DE /* collider */ = {
			isa = PBXGroup;
			children = (
				2FEEA0E4207E1D80003981DE /* Collider.h */,
				2FEEA0E5207E1D80003981DE /* Intersection.cpp */,
				2FEEA0E6207E1D80003981DE /* Intersection.h */,
				2FEEA0E7207E1D80003981DE /* Contract.cpp */,
				2FEEA0E8207E1D80003981DE /* ColliderManager.h */,
				2FEEA0E9207E1D80003981DE /* ColliderManager.cpp */,
				2FEEA0EA207E1D80003981DE /* Contract.h */,
				2FEEA0EB207E1D80003981DE /* Collider.cpp */,
			);
			path = collider;
			sourceTree = "<group>";
		};
		2FEEA0ED207E1D80003981DE /* flatbuffers */ = {
			isa = PBXGroup;
			children = (
				2FEEA0EE207E1D80003981DE /* grpc.h */,
				2FEEA0EF207E1D80003981DE /* idl.h */,
				2FEEA0F0207E1D80003981DE /* reflection_generated.h */,
				2FEEA0F1207E1D80003981DE /* flatbuffers.h */,
				2FEEA0F2207E1D80003981DE /* util.h */,
				2FEEA0F3207E1D80003981DE /* code_generators.h */,
				2FEEA0F4207E1D80003981DE /* hash.h */,
				2FEEA0F5207E1D80003981DE /* reflection.h */,
			);
			path = flatbuffers;
			sourceTree = "<group>";
		};
		46880B7519C43A67006E1F66 /* Resources */ = {
			isa = PBXGroup;
			children = (
				2F06081720A56EAF0023562B /* Resources_HD */,
				2F06081820A56EAF0023562B /* Resources_LD */,
				2F06081920A56EAF0023562B /* Resources_SD */,
				2FEEA142207E1D93003981DE /* creator */,
				521A8EA819F11F5000D177D7 /* fonts */,
				3EACC98E19EE6D4300EB3C5E /* res */,
				46880B7619C43A67006E1F66 /* CloseNormal.png */,
				46880B7719C43A67006E1F66 /* CloseSelected.png */,
				46880B7A19C43A67006E1F66 /* HelloWorld.png */,
			);
			name = Resources;
			path = ../Resources;
			sourceTree = "<group>";
		};
		46880B8319C43A87006E1F66 /* Classes */ = {
			isa = PBXGroup;
			children = (
				2F06081220A305660023562B /* Globals.cpp */,
				2F06081420A305660023562B /* Globals.h */,
				46880B8419C43A87006E1F66 /* AppDelegate.cpp */,
				46880B8519C43A87006E1F66 /* AppDelegate.h */,
				46880B8619C43A87006E1F66 /* CustomScene.cpp */,
				46880B8719C43A87006E1F66 /* CustomScene.h */,
				2FA4D2FB207F34790005B3AB /* CocosCustomMacros.h */,
				2FCC5803208DC48F00CB547A /* CustomLayer.cpp */,
				2FCC5801208DC48E00CB547A /* CustomLayer.h */,
				2FEEA087207E1D80003981DE /* reader */,
			);
			name = Classes;
			path = ../Classes;
			sourceTree = "<group>";
		};
		503AE0F517EB97AB00D1A890 /* Icons */ = {
			isa = PBXGroup;
			children = (
				503AE0F617EB97AB00D1A890 /* Icon.icns */,
				503AE0F717EB97AB00D1A890 /* Info.plist */,
			);
			name = Icons;
			path = mac;
			sourceTree = SOURCE_ROOT;
		};
		503AE10617EB990700D1A890 /* mac */ = {
			isa = PBXGroup;
			children = (
				503AE0F517EB97AB00D1A890 /* Icons */,
				503AE10317EB98FF00D1A890 /* main.cpp */,
				503AE10417EB98FF00D1A890 /* Prefix.pch */,
			);
			name = mac;
			sourceTree = "<group>";
		};
		5087E77117EB970100C73F5D /* Icons */ = {
			isa = PBXGroup;
			children = (
				2F06082020A58CCC0023562B /* Default-812h@3x.png */,
				521A8E6219F0C34300D177D7 /* Default-667h@2x.png */,
				521A8E6319F0C34300D177D7 /* Default-736h@3x.png */,
				5087E77217EB970100C73F5D /* Default-568h@2x.png */,
				5087E77317EB970100C73F5D /* Default.png */,
				5087E77417EB970100C73F5D /* Default@2x.png */,
				50EF62A017ECD613001EB2F8 /* Icon-29.png */,
				50EF62A117ECD613001EB2F8 /* Icon-50.png */,
				50EF629217ECD46A001EB2F8 /* Icon-40.png */,
				50EF629317ECD46A001EB2F8 /* Icon-58.png */,
				50EF629417ECD46A001EB2F8 /* Icon-80.png */,
				50EF629517ECD46A001EB2F8 /* Icon-100.png */,
				5087E77517EB970100C73F5D /* Icon-114.png */,
				5087E77617EB970100C73F5D /* Icon-120.png */,
				5087E77717EB970100C73F5D /* Icon-144.png */,
				5087E77817EB970100C73F5D /* Icon-152.png */,
				5087E77917EB970100C73F5D /* Icon-57.png */,
				5087E77A17EB970100C73F5D /* Icon-72.png */,
				5087E77B17EB970100C73F5D /* Icon-76.png */,
				5087E77C17EB970100C73F5D /* Info.plist */,
			);
			name = Icons;
			path = ios;
			sourceTree = SOURCE_ROOT;
		};
/* End PBXGroup section */

/* Begin PBXNativeTarget section */
		1D6058900D05DD3D006BFB54 /* CocosCreatorCppDemo-mobile */ = {
			isa = PBXNativeTarget;
			buildConfigurationList = 1D6058960D05DD3E006BFB54 /* Build configuration list for PBXNativeTarget "CocosCreatorCppDemo-mobile" */;
			buildPhases = (
				1D60588D0D05DD3D006BFB54 /* Resources */,
				1D60588E0D05DD3D006BFB54 /* Sources */,
				1D60588F0D05DD3D006BFB54 /* Frameworks */,
			);
			buildRules = (
			);
			dependencies = (
				1AC6FB25180E99E1004C840B /* PBXTargetDependency */,
			);
			name = "CocosCreatorCppDemo-mobile";
			productName = iphone;
			productReference = 1D6058910D05DD3D006BFB54 /* CocosCreatorCppDemo-mobile.app */;
			productType = "com.apple.product-type.application";
		};
		5087E73D17EB910900C73F5D /* CocosCreatorCppDemo-desktop */ = {
			isa = PBXNativeTarget;
			buildConfigurationList = 5087E76C17EB910900C73F5D /* Build configuration list for PBXNativeTarget "CocosCreatorCppDemo-desktop" */;
			buildPhases = (
				5087E74817EB910900C73F5D /* Resources */,
				5087E75617EB910900C73F5D /* Sources */,
				5087E75C17EB910900C73F5D /* Frameworks */,
			);
			buildRules = (
			);
			dependencies = (
				1AC6FB16180E9959004C840B /* PBXTargetDependency */,
			);
			name = "CocosCreatorCppDemo-desktop";
			productName = iphone;
			productReference = 5087E76F17EB910900C73F5D /* CocosCreatorCppDemo-desktop.app */;
			productType = "com.apple.product-type.application";
		};
/* End PBXNativeTarget section */

/* Begin PBXProject section */
		29B97313FDCFA39411CA2CEA /* Project object */ = {
			isa = PBXProject;
			attributes = {
				LastUpgradeCheck = 0500;
				TargetAttributes = {
					1D6058900D05DD3D006BFB54 = {
						DevelopmentTeam = 9WLLTXXC3Q;
					};
				};
			};
			buildConfigurationList = C01FCF4E08A954540054247B /* Build configuration list for PBXProject "CocosCreatorCppDemo" */;
			compatibilityVersion = "Xcode 3.2";
			developmentRegion = English;
			hasScannedForEncodings = 1;
			knownRegions = (
				English,
				Japanese,
				French,
				German,
			);
			mainGroup = 29B97314FDCFA39411CA2CEA /* CustomTemplate */;
			projectDirPath = "";
			projectReferences = (
				{
					ProductGroup = 1AC6FAE6180E9839004C840B /* Products */;
					ProjectRef = 1AC6FAE5180E9839004C840B /* cocos2d_libs.xcodeproj */;
				},
			);
			projectRoot = "";
			targets = (
				1D6058900D05DD3D006BFB54 /* CocosCreatorCppDemo-mobile */,
				5087E73D17EB910900C73F5D /* CocosCreatorCppDemo-desktop */,
			);
		};
/* End PBXProject section */

/* Begin PBXReferenceProxy section */
		1AC6FAF9180E9839004C840B /* libcocos2d Mac.a */ = {
			isa = PBXReferenceProxy;
			fileType = archive.ar;
			path = "libcocos2d Mac.a";
			remoteRef = 1AC6FAF8180E9839004C840B /* PBXContainerItemProxy */;
			sourceTree = BUILT_PRODUCTS_DIR;
		};
		1AC6FB07180E9839004C840B /* libcocos2d iOS.a */ = {
			isa = PBXReferenceProxy;
			fileType = archive.ar;
			path = "libcocos2d iOS.a";
			remoteRef = 1AC6FB06180E9839004C840B /* PBXContainerItemProxy */;
			sourceTree = BUILT_PRODUCTS_DIR;
		};
		2FA588CA207E0B20009CE848 /* libcocos2d tvOS.a */ = {
			isa = PBXReferenceProxy;
			fileType = archive.ar;
			path = "libcocos2d tvOS.a";
			remoteRef = 2FA588C9207E0B20009CE848 /* PBXContainerItemProxy */;
			sourceTree = BUILT_PRODUCTS_DIR;
		};
/* End PBXReferenceProxy section */

/* Begin PBXResourcesBuildPhase section */
		1D60588D0D05DD3D006BFB54 /* Resources */ = {
			isa = PBXResourcesBuildPhase;
			buildActionMask = 2147483647;
			files = (
				2F06081A20A56EAF0023562B /* Resources_HD in Resources */,
				5087E78117EB970100C73F5D /* Icon-120.png in Resources */,
				5087E78617EB970100C73F5D /* Icon-76.png in Resources */,
				5087E77F17EB970100C73F5D /* Default@2x.png in Resources */,
				50EF629917ECD46A001EB2F8 /* Icon-100.png in Resources */,
				2F06081E20A56EAF0023562B /* Resources_SD in Resources */,
				2F06082120A58CCC0023562B /* Default-812h@3x.png in Resources */,
				5087E78317EB970100C73F5D /* Icon-152.png in Resources */,
				46880B8119C43A67006E1F66 /* HelloWorld.png in Resources */,
				46880B7D19C43A67006E1F66 /* CloseSelected.png in Resources */,
				5087E77D17EB970100C73F5D /* Default-568h@2x.png in Resources */,
				5087E78517EB970100C73F5D /* Icon-72.png in Resources */,
				521A8E6519F0C34300D177D7 /* Default-736h@3x.png in Resources */,
				521A8EA919F11F5000D177D7 /* fonts in Resources */,
				2FEEA143207E1D93003981DE /* creator in Resources */,
				50EF62A317ECD613001EB2F8 /* Icon-50.png in Resources */,
				5087E78017EB970100C73F5D /* Icon-114.png in Resources */,
				2FEEA12C207E1D80003981DE /* Android.mk in Resources */,
				50EF62A217ECD613001EB2F8 /* Icon-29.png in Resources */,
				50EF629617ECD46A001EB2F8 /* Icon-40.png in Resources */,
				5087E78217EB970100C73F5D /* Icon-144.png in Resources */,
				2FEEA12E207E1D80003981DE /* CMakeLists.txt in Resources */,
				3EACC98F19EE6D4300EB3C5E /* res in Resources */,
				2FEEA102207E1D80003981DE /* Android.mk in Resources */,
				50EF629817ECD46A001EB2F8 /* Icon-80.png in Resources */,
				5087E78417EB970100C73F5D /* Icon-57.png in Resources */,
				5087E77E17EB970100C73F5D /* Default.png in Resources */,
				521A8E6419F0C34300D177D7 /* Default-667h@2x.png in Resources */,
				2F06081C20A56EAF0023562B /* Resources_LD in Resources */,
				46880B7B19C43A67006E1F66 /* CloseNormal.png in Resources */,
				50EF629717ECD46A001EB2F8 /* Icon-58.png in Resources */,
				2FEEA104207E1D80003981DE /* CMakeLists.txt in Resources */,
			);
			runOnlyForDeploymentPostprocessing = 0;
		};
		5087E74817EB910900C73F5D /* Resources */ = {
			isa = PBXResourcesBuildPhase;
			buildActionMask = 2147483647;
			files = (
				2FEEA144207E1D93003981DE /* creator in Resources */,
				46880B8219C43A67006E1F66 /* HelloWorld.png in Resources */,
				503AE0F817EB97AB00D1A890 /* Icon.icns in Resources */,
				2FEEA12D207E1D80003981DE /* Android.mk in Resources */,
				3EACC99019EE6D4300EB3C5E /* res in Resources */,
				2FEEA12F207E1D80003981DE /* CMakeLists.txt in Resources */,
				521A8EAA19F11F5000D177D7 /* fonts in Resources */,
				2F06081F20A56EAF0023562B /* Resources_SD in Resources */,
				2FEEA105207E1D80003981DE /* CMakeLists.txt in Resources */,
				2FEEA103207E1D80003981DE /* Android.mk in Resources */,
				46880B7C19C43A67006E1F66 /* CloseNormal.png in Resources */,
				2F06082220A58CCC0023562B /* Default-812h@3x.png in Resources */,
				2F06081D20A56EAF0023562B /* Resources_LD in Resources */,
				2F06081B20A56EAF0023562B /* Resources_HD in Resources */,
				46880B7E19C43A67006E1F66 /* CloseSelected.png in Resources */,
			);
			runOnlyForDeploymentPostprocessing = 0;
		};
/* End PBXResourcesBuildPhase section */

/* Begin PBXSourcesBuildPhase section */
		1D60588E0D05DD3D006BFB54 /* Sources */ = {
			isa = PBXSourcesBuildPhase;
			buildActionMask = 2147483647;
			files = (
				2FEEA138207E1D80003981DE /* AnimateClip.cpp in Sources */,
				46880B8819C43A87006E1F66 /* AppDelegate.cpp in Sources */,
				2FEEA106207E1D80003981DE /* BaseObject.cpp in Sources */,
				2FEEA112207E1D80003981DE /* Animation.cpp in Sources */,
				2FEEA11E207E1D80003981DE /* BaseFactory.cpp in Sources */,
				2F98C7BA2091CAE6002C1D70 /* CocosObjectFactory.cpp in Sources */,
				2FEEA136207E1D80003981DE /* Easing.cpp in Sources */,
				2FCC5804208DC48F00CB547A /* CustomLayer.cpp in Sources */,
				2FEEA130207E1D80003981DE /* AnimationManager.cpp in Sources */,
				46880B8A19C43A87006E1F66 /* CustomScene.cpp in Sources */,
				2FEEA10E207E1D80003981DE /* WorldClock.cpp in Sources */,
				2FEEA0F8207E1D80003981DE /* PageView.cpp in Sources */,
				2FEEA0FC207E1D80003981DE /* TextureData.cpp in Sources */,
				2FEEA110207E1D80003981DE /* TimelineState.cpp in Sources */,
				2FEEA13A207E1D80003981DE /* Intersection.cpp in Sources */,
				2FEEA11C207E1D80003981DE /* CCFactory.cpp in Sources */,
				2FEEA0F6207E1D80003981DE /* RichtextStringVisitor.cpp in Sources */,
				2FEEA13E207E1D80003981DE /* ColliderManager.cpp in Sources */,
				2F06081520A305660023562B /* Globals.cpp in Sources */,
				2FEEA12A207E1D80003981DE /* EventObject.cpp in Sources */,
				2FEEA100207E1D80003981DE /* DataParser.cpp in Sources */,
				503AE10017EB989F00D1A890 /* AppController.mm in Sources */,
				2FEEA10A207E1D80003981DE /* Armature.cpp in Sources */,
				2FEEA124207E1D80003981DE /* FrameData.cpp in Sources */,
				2FEEA10C207E1D80003981DE /* Slot.cpp in Sources */,
				2FEEA126207E1D80003981DE /* AnimationData.cpp in Sources */,
				2FEEA0FA207E1D80003981DE /* CreatorReader.cpp in Sources */,
				503AE10217EB989F00D1A890 /* RootViewController.mm in Sources */,
				2FEEA120207E1D80003981DE /* DragonBonesData.cpp in Sources */,
				2FEEA116207E1D80003981DE /* CCArmatureDisplay.cpp in Sources */,
				2FEEA108207E1D80003981DE /* Bone.cpp in Sources */,
				2FEEA0FE207E1D80003981DE /* JSONDataParser.cpp in Sources */,
				2FEEA114207E1D80003981DE /* AnimationState.cpp in Sources */,
				2FEEA122207E1D80003981DE /* TimelineData.cpp in Sources */,
				2FEEA140207E1D80003981DE /* Collider.cpp in Sources */,
				2FEEA11A207E1D80003981DE /* CCTextureData.cpp in Sources */,
				2FEEA132207E1D80003981DE /* Bezier.cpp in Sources */,
				2FEEA128207E1D80003981DE /* ArmatureData.cpp in Sources */,
				2FEEA118207E1D80003981DE /* CCSlot.cpp in Sources */,
				2FEEA13C207E1D80003981DE /* Contract.cpp in Sources */,
				2FEEA134207E1D80003981DE /* AnimationClip.cpp in Sources */,
				503AE10117EB989F00D1A890 /* main.m in Sources */,
			);
			runOnlyForDeploymentPostprocessing = 0;
		};
		5087E75617EB910900C73F5D /* Sources */ = {
			isa = PBXSourcesBuildPhase;
			buildActionMask = 2147483647;
			files = (
				2FEEA111207E1D80003981DE /* TimelineState.cpp in Sources */,
				2FEEA0F7207E1D80003981DE /* RichtextStringVisitor.cpp in Sources */,
				2FEEA115207E1D80003981DE /* AnimationState.cpp in Sources */,
				2FEEA129207E1D80003981DE /* ArmatureData.cpp in Sources */,
				2FEEA10F207E1D80003981DE /* WorldClock.cpp in Sources */,
				2FEEA109207E1D80003981DE /* Bone.cpp in Sources */,
				2FEEA133207E1D80003981DE /* Bezier.cpp in Sources */,
				2FEEA121207E1D80003981DE /* DragonBonesData.cpp in Sources */,
				2F06081620A305660023562B /* Globals.cpp in Sources */,
				2FEEA13B207E1D80003981DE /* Intersection.cpp in Sources */,
				2F98C7BB2091CAE6002C1D70 /* CocosObjectFactory.cpp in Sources */,
				2FEEA119207E1D80003981DE /* CCSlot.cpp in Sources */,
				2FEEA125207E1D80003981DE /* FrameData.cpp in Sources */,
				2FEEA13D207E1D80003981DE /* Contract.cpp in Sources */,
				2FEEA10B207E1D80003981DE /* Armature.cpp in Sources */,
				2FEEA0FB207E1D80003981DE /* CreatorReader.cpp in Sources */,
				2FCC5805208DC48F00CB547A /* CustomLayer.cpp in Sources */,
				2FEEA101207E1D80003981DE /* DataParser.cpp in Sources */,
				46880B8919C43A87006E1F66 /* AppDelegate.cpp in Sources */,
				2FEEA10D207E1D80003981DE /* Slot.cpp in Sources */,
				2FEEA0FD207E1D80003981DE /* TextureData.cpp in Sources */,
				2FEEA127207E1D80003981DE /* AnimationData.cpp in Sources */,
				2FEEA135207E1D80003981DE /* AnimationClip.cpp in Sources */,
				2FEEA137207E1D80003981DE /* Easing.cpp in Sources */,
				2FEEA0FF207E1D80003981DE /* JSONDataParser.cpp in Sources */,
				2FEEA139207E1D80003981DE /* AnimateClip.cpp in Sources */,
				2FEEA0F9207E1D80003981DE /* PageView.cpp in Sources */,
				2FEEA117207E1D80003981DE /* CCArmatureDisplay.cpp in Sources */,
				2FEEA11D207E1D80003981DE /* CCFactory.cpp in Sources */,
				2FEEA11B207E1D80003981DE /* CCTextureData.cpp in Sources */,
				2FEEA123207E1D80003981DE /* TimelineData.cpp in Sources */,
				2FEEA107207E1D80003981DE /* BaseObject.cpp in Sources */,
				503AE10517EB98FF00D1A890 /* main.cpp in Sources */,
				2FEEA11F207E1D80003981DE /* BaseFactory.cpp in Sources */,
				2FEEA12B207E1D80003981DE /* EventObject.cpp in Sources */,
				2FEEA131207E1D80003981DE /* AnimationManager.cpp in Sources */,
				2FEEA13F207E1D80003981DE /* ColliderManager.cpp in Sources */,
				2FEEA113207E1D80003981DE /* Animation.cpp in Sources */,
				46880B8B19C43A87006E1F66 /* CustomScene.cpp in Sources */,
				2FEEA141207E1D80003981DE /* Collider.cpp in Sources */,
			);
			runOnlyForDeploymentPostprocessing = 0;
		};
/* End PBXSourcesBuildPhase section */

/* Begin PBXTargetDependency section */
		1AC6FB16180E9959004C840B /* PBXTargetDependency */ = {
			isa = PBXTargetDependency;
			name = "cocos2dx Mac";
			targetProxy = 1AC6FB15180E9959004C840B /* PBXContainerItemProxy */;
		};
		1AC6FB25180E99E1004C840B /* PBXTargetDependency */ = {
			isa = PBXTargetDependency;
			name = "cocos2dx iOS";
			targetProxy = 1AC6FB24180E99E1004C840B /* PBXContainerItemProxy */;
		};
/* End PBXTargetDependency section */

/* Begin XCBuildConfiguration section */
		1D6058940D05DD3E006BFB54 /* Debug */ = {
			isa = XCBuildConfiguration;
			buildSettings = {
				ALWAYS_SEARCH_USER_PATHS = YES;
				CODE_SIGN_IDENTITY = "iPhone Developer";
				COMPRESS_PNG_FILES = NO;
				DEVELOPMENT_TEAM = 9WLLTXXC3Q;
				ENABLE_BITCODE = NO;
				GCC_DYNAMIC_NO_PIC = NO;
				GCC_INLINES_ARE_PRIVATE_EXTERN = NO;
				GCC_PRECOMPILE_PREFIX_HEADER = YES;
				GCC_PREFIX_HEADER = ios/Prefix.pch;
				GCC_PREPROCESSOR_DEFINITIONS = (
					USE_FILE32API,
					"COCOS2D_DEBUG=1",
					"CC_ENABLE_CHIPMUNK_INTEGRATION=1",
				);
				GCC_SYMBOLS_PRIVATE_EXTERN = NO;
				HEADER_SEARCH_PATHS = "$(inherited)";
				INFOPLIST_FILE = ios/Info.plist;
				IPHONEOS_DEPLOYMENT_TARGET = 6.0;
				LIBRARY_SEARCH_PATHS = "";
				OTHER_LDFLAGS = (
					"$(_COCOS_LIB_IOS_BEGIN)",
					"$(_COCOS_LIB_IOS_END)",
				);
				SDKROOT = iphoneos;
				STRIP_PNG_TEXT = NO;
				TARGETED_DEVICE_FAMILY = "1,2";
				USER_HEADER_SEARCH_PATHS = "$(_COCOS_HEADER_IOS_BEGIN) $(_COCOS_HEADER_IOS_END)";
				VALID_ARCHS = "arm64 armv7";
			};
			name = Debug;
		};
		1D6058950D05DD3E006BFB54 /* Release */ = {
			isa = XCBuildConfiguration;
			buildSettings = {
				ALWAYS_SEARCH_USER_PATHS = YES;
				CODE_SIGN_IDENTITY = "iPhone Developer";
				COMPRESS_PNG_FILES = NO;
				DEVELOPMENT_TEAM = 9WLLTXXC3Q;
				ENABLE_BITCODE = NO;
				GCC_INLINES_ARE_PRIVATE_EXTERN = NO;
				GCC_PRECOMPILE_PREFIX_HEADER = YES;
				GCC_PREFIX_HEADER = ios/Prefix.pch;
				GCC_PREPROCESSOR_DEFINITIONS = (
					USE_FILE32API,
					"CC_ENABLE_CHIPMUNK_INTEGRATION=1",
					NDEBUG,
				);
				GCC_SYMBOLS_PRIVATE_EXTERN = NO;
				HEADER_SEARCH_PATHS = "$(inherited)";
				INFOPLIST_FILE = ios/Info.plist;
				IPHONEOS_DEPLOYMENT_TARGET = 6.0;
				LIBRARY_SEARCH_PATHS = "";
				OTHER_LDFLAGS = (
					"$(_COCOS_LIB_IOS_BEGIN)",
					"$(_COCOS_LIB_IOS_END)",
				);
				SDKROOT = iphoneos;
				STRIP_PNG_TEXT = NO;
				TARGETED_DEVICE_FAMILY = "1,2";
				USER_HEADER_SEARCH_PATHS = "$(_COCOS_HEADER_IOS_BEGIN) $(_COCOS_HEADER_IOS_END)";
				VALID_ARCHS = "arm64 armv7";
			};
			name = Release;
		};
		5087E76D17EB910900C73F5D /* Debug */ = {
			isa = XCBuildConfiguration;
			buildSettings = {
				ALWAYS_SEARCH_USER_PATHS = YES;
				ARCHS = "$(ARCHS_STANDARD_64_BIT)";
				CLANG_CXX_LANGUAGE_STANDARD = "c++0x";
				CLANG_CXX_LIBRARY = "libc++";
				GCC_DYNAMIC_NO_PIC = NO;
				GCC_INLINES_ARE_PRIVATE_EXTERN = NO;
				GCC_PRECOMPILE_PREFIX_HEADER = YES;
				GCC_PREFIX_HEADER = mac/Prefix.pch;
				GCC_PREPROCESSOR_DEFINITIONS = (
					USE_FILE32API,
					"COCOS2D_DEBUG=1",
					"CC_ENABLE_CHIPMUNK_INTEGRATION=1",
				);
				GCC_SYMBOLS_PRIVATE_EXTERN = NO;
				HEADER_SEARCH_PATHS = (
					"$(inherited)",
					"$(SRCROOT)/../cocos2d/external/glfw3/include/mac",
				);
				INFOPLIST_FILE = mac/Info.plist;
				LIBRARY_SEARCH_PATHS = "";
				OTHER_LDFLAGS = (
					"$(_COCOS_LIB_MAC_BEGIN)",
					"$(_COCOS_LIB_MAC_END)",
				);
				USER_HEADER_SEARCH_PATHS = "$(_COCOS_HEADER_MAC_BEGIN) $(_COCOS_HEADER_MAC_END)";
			};
			name = Debug;
		};
		5087E76E17EB910900C73F5D /* Release */ = {
			isa = XCBuildConfiguration;
			buildSettings = {
				ALWAYS_SEARCH_USER_PATHS = YES;
				ARCHS = "$(ARCHS_STANDARD_64_BIT)";
				CLANG_CXX_LANGUAGE_STANDARD = "c++0x";
				CLANG_CXX_LIBRARY = "libc++";
				GCC_INLINES_ARE_PRIVATE_EXTERN = NO;
				GCC_PRECOMPILE_PREFIX_HEADER = YES;
				GCC_PREFIX_HEADER = mac/Prefix.pch;
				GCC_PREPROCESSOR_DEFINITIONS = (
					USE_FILE32API,
					"CC_ENABLE_CHIPMUNK_INTEGRATION=1",
					NDEBUG,
				);
				GCC_SYMBOLS_PRIVATE_EXTERN = NO;
				HEADER_SEARCH_PATHS = (
					"$(inherited)",
					"$(SRCROOT)/../cocos2d/external/glfw3/include/mac",
				);
				INFOPLIST_FILE = mac/Info.plist;
				LIBRARY_SEARCH_PATHS = "";
				OTHER_LDFLAGS = (
					"$(_COCOS_LIB_MAC_BEGIN)",
					"$(_COCOS_LIB_MAC_END)",
				);
				USER_HEADER_SEARCH_PATHS = "$(_COCOS_HEADER_MAC_BEGIN) $(_COCOS_HEADER_MAC_END)";
			};
			name = Release;
		};
		C01FCF4F08A954540054247B /* Debug */ = {
			isa = XCBuildConfiguration;
			buildSettings = {
				CLANG_CXX_LANGUAGE_STANDARD = "c++0x";
				CLANG_CXX_LIBRARY = "libc++";
				COPY_PHASE_STRIP = NO;
				GCC_OPTIMIZATION_LEVEL = 0;
				GCC_WARN_ABOUT_RETURN_TYPE = YES;
				GCC_WARN_UNUSED_VARIABLE = YES;
				HEADER_SEARCH_PATHS = (
					"$(SRCROOT)/../cocos2d",
					"$(SRCROOT)/../cocos2d/cocos/audio/include",
					"$(SRCROOT)/../cocos2d/cocos",
					"$(SRCROOT)/../cocos2d/extensions",
					"$(SRCROOT)/../cocos2d/external",
					"$(SRCROOT)/../cocos2d/external/chipmunk/include/chipmunk",
					"$(SRCROOT)/../cocos2d/cocos/editor-support",
					"$(SRCROOT)/../Classes/reader",
				);
				IPHONEOS_DEPLOYMENT_TARGET = 6.0;
				MACOSX_DEPLOYMENT_TARGET = 10.7;
				ONLY_ACTIVE_ARCH = YES;
				PRODUCT_NAME = "$(TARGET_NAME)";
				SDKROOT = macosx;
			};
			name = Debug;
		};
		C01FCF5008A954540054247B /* Release */ = {
			isa = XCBuildConfiguration;
			buildSettings = {
				CLANG_CXX_LANGUAGE_STANDARD = "c++0x";
				CLANG_CXX_LIBRARY = "libc++";
				GCC_WARN_ABOUT_RETURN_TYPE = YES;
				GCC_WARN_UNUSED_VARIABLE = YES;
				HEADER_SEARCH_PATHS = (
					"$(SRCROOT)/../cocos2d",
					"$(SRCROOT)/../cocos2d/cocos/audio/include",
					"$(SRCROOT)/../cocos2d/cocos",
					"$(SRCROOT)/../cocos2d/extensions",
					"$(SRCROOT)/../cocos2d/external",
					"$(SRCROOT)/../cocos2d/external/chipmunk/include/chipmunk",
					"$(SRCROOT)/../cocos2d/cocos/editor-support",
					"$(SRCROOT)/../Classes/reader",
				);
				IPHONEOS_DEPLOYMENT_TARGET = 6.0;
				MACOSX_DEPLOYMENT_TARGET = 10.7;
				OTHER_CFLAGS = "-DNS_BLOCK_ASSERTIONS=1";
				PRODUCT_NAME = "$(TARGET_NAME)";
				SDKROOT = macosx;
				VALIDATE_PRODUCT = YES;
			};
			name = Release;
		};
/* End XCBuildConfiguration section */

/* Begin XCConfigurationList section */
		1D6058960D05DD3E006BFB54 /* Build configuration list for PBXNativeTarget "CocosCreatorCppDemo-mobile" */ = {
			isa = XCConfigurationList;
			buildConfigurations = (
				1D6058940D05DD3E006BFB54 /* Debug */,
				1D6058950D05DD3E006BFB54 /* Release */,
			);
			defaultConfigurationIsVisible = 0;
			defaultConfigurationName = Debug;
		};
		5087E76C17EB910900C73F5D /* Build configuration list for PBXNativeTarget "CocosCreatorCppDemo-desktop" */ = {
			isa = XCConfigurationList;
			buildConfigurations = (
				5087E76D17EB910900C73F5D /* Debug */,
				5087E76E17EB910900C73F5D /* Release */,
			);
			defaultConfigurationIsVisible = 0;
			defaultConfigurationName = Debug;
		};
		C01FCF4E08A954540054247B /* Build configuration list for PBXProject "CocosCreatorCppDemo" */ = {
			isa = XCConfigurationList;
			buildConfigurations = (
				C01FCF4F08A954540054247B /* Debug */,
				C01FCF5008A954540054247B /* Release */,
			);
			defaultConfigurationIsVisible = 0;
			defaultConfigurationName = Debug;
		};
/* End XCConfigurationList section */
	};
	rootObject = 29B97313FDCFA39411CA2CEA /* Project object */;
}
